// !$*UTF8*$!
{
	archiveVersion = 1;
	classes = {
	};
	objectVersion = 46;
	objects = {

/* Begin PBXBuildFile section */
		1B35CF2217A4124A00108C27 /* MagicalImportFunctions.m in Sources */ = {isa = PBXBuildFile; fileRef = 1B35CEEA17A4124A00108C27 /* MagicalImportFunctions.m */; };
		1B35CF2317A4124A00108C27 /* NSAttributeDescription+MagicalDataImport.m in Sources */ = {isa = PBXBuildFile; fileRef = 1B35CEEC17A4124A00108C27 /* NSAttributeDescription+MagicalDataImport.m */; };
		1B35CF2417A4124A00108C27 /* NSEntityDescription+MagicalDataImport.m in Sources */ = {isa = PBXBuildFile; fileRef = 1B35CEEE17A4124A00108C27 /* NSEntityDescription+MagicalDataImport.m */; };
		1B35CF2517A4124A00108C27 /* NSNumber+MagicalDataImport.m in Sources */ = {isa = PBXBuildFile; fileRef = 1B35CEF017A4124A00108C27 /* NSNumber+MagicalDataImport.m */; };
		1B35CF2617A4124A00108C27 /* NSObject+MagicalDataImport.m in Sources */ = {isa = PBXBuildFile; fileRef = 1B35CEF217A4124A00108C27 /* NSObject+MagicalDataImport.m */; };
		1B35CF2717A4124A00108C27 /* NSRelationshipDescription+MagicalDataImport.m in Sources */ = {isa = PBXBuildFile; fileRef = 1B35CEF417A4124A00108C27 /* NSRelationshipDescription+MagicalDataImport.m */; };
		1B35CF2817A4124A00108C27 /* NSString+MagicalDataImport.m in Sources */ = {isa = PBXBuildFile; fileRef = 1B35CEF617A4124A00108C27 /* NSString+MagicalDataImport.m */; };
		1B35CF2917A4124A00108C27 /* NSManagedObject+MagicalAggregation.m in Sources */ = {isa = PBXBuildFile; fileRef = 1B35CEF917A4124A00108C27 /* NSManagedObject+MagicalAggregation.m */; };
		1B35CF2A17A4124A00108C27 /* NSManagedObject+MagicalDataImport.m in Sources */ = {isa = PBXBuildFile; fileRef = 1B35CEFB17A4124A00108C27 /* NSManagedObject+MagicalDataImport.m */; };
		1B35CF2B17A4124A00108C27 /* NSManagedObject+MagicalFinders.m in Sources */ = {isa = PBXBuildFile; fileRef = 1B35CEFD17A4124A00108C27 /* NSManagedObject+MagicalFinders.m */; };
		1B35CF2C17A4124A00108C27 /* NSManagedObject+MagicalRecord.m in Sources */ = {isa = PBXBuildFile; fileRef = 1B35CEFF17A4124A00108C27 /* NSManagedObject+MagicalRecord.m */; };
		1B35CF2D17A4124A00108C27 /* NSManagedObject+MagicalRequests.m in Sources */ = {isa = PBXBuildFile; fileRef = 1B35CF0117A4124A00108C27 /* NSManagedObject+MagicalRequests.m */; };
		1B35CF2E17A4124A00108C27 /* NSManagedObjectContext+MagicalObserving.m in Sources */ = {isa = PBXBuildFile; fileRef = 1B35CF0417A4124A00108C27 /* NSManagedObjectContext+MagicalObserving.m */; };
		1B35CF2F17A4124A00108C27 /* NSManagedObjectContext+MagicalRecord.m in Sources */ = {isa = PBXBuildFile; fileRef = 1B35CF0617A4124A00108C27 /* NSManagedObjectContext+MagicalRecord.m */; };
		1B35CF3017A4124A00108C27 /* NSManagedObjectContext+MagicalSaves.m in Sources */ = {isa = PBXBuildFile; fileRef = 1B35CF0817A4124A00108C27 /* NSManagedObjectContext+MagicalSaves.m */; };
		1B35CF3117A4124A00108C27 /* NSManagedObjectContext+MagicalThreading.m in Sources */ = {isa = PBXBuildFile; fileRef = 1B35CF0A17A4124A00108C27 /* NSManagedObjectContext+MagicalThreading.m */; };
		1B35CF3217A4124A00108C27 /* NSManagedObjectModel+MagicalRecord.m in Sources */ = {isa = PBXBuildFile; fileRef = 1B35CF0C17A4124A00108C27 /* NSManagedObjectModel+MagicalRecord.m */; };
		1B35CF3317A4124A00108C27 /* NSPersistentStore+MagicalRecord.m in Sources */ = {isa = PBXBuildFile; fileRef = 1B35CF0E17A4124A00108C27 /* NSPersistentStore+MagicalRecord.m */; };
		1B35CF3417A4124A00108C27 /* NSPersistentStoreCoordinator+MagicalRecord.m in Sources */ = {isa = PBXBuildFile; fileRef = 1B35CF1017A4124A00108C27 /* NSPersistentStoreCoordinator+MagicalRecord.m */; };
		1B35CF3517A4124A00108C27 /* MagicalRecord+Actions.m in Sources */ = {isa = PBXBuildFile; fileRef = 1B35CF1317A4124A00108C27 /* MagicalRecord+Actions.m */; };
		1B35CF3617A4124A00108C27 /* MagicalRecord+ErrorHandling.m in Sources */ = {isa = PBXBuildFile; fileRef = 1B35CF1517A4124A00108C27 /* MagicalRecord+ErrorHandling.m */; };
		1B35CF3717A4124A00108C27 /* MagicalRecord+iCloud.m in Sources */ = {isa = PBXBuildFile; fileRef = 1B35CF1717A4124A00108C27 /* MagicalRecord+iCloud.m */; };
		1B35CF3817A4124A00108C27 /* MagicalRecord+Options.m in Sources */ = {isa = PBXBuildFile; fileRef = 1B35CF1917A4124A00108C27 /* MagicalRecord+Options.m */; };
		1B35CF3917A4124A00108C27 /* MagicalRecord+Setup.m in Sources */ = {isa = PBXBuildFile; fileRef = 1B35CF1B17A4124A00108C27 /* MagicalRecord+Setup.m */; };
		1B35CF3A17A4124A00108C27 /* MagicalRecord+ShorthandSupport.m in Sources */ = {isa = PBXBuildFile; fileRef = 1B35CF1D17A4124A00108C27 /* MagicalRecord+ShorthandSupport.m */; };
		1B35CF3B17A4124A00108C27 /* MagicalRecord.m in Sources */ = {isa = PBXBuildFile; fileRef = 1B35CF1F17A4124A00108C27 /* MagicalRecord.m */; };
		1B35CF3E17A412BF00108C27 /* Model.xcdatamodeld in Sources */ = {isa = PBXBuildFile; fileRef = 1B35CF3C17A412BF00108C27 /* Model.xcdatamodeld */; };
		1B35CF4317A4131D00108C27 /* CoreData.framework in Frameworks */ = {isa = PBXBuildFile; fileRef = 1B35CF4217A4131D00108C27 /* CoreData.framework */; };
		1B35CF4617A45C5300108C27 /* MFDummy.m in Sources */ = {isa = PBXBuildFile; fileRef = 1B35CF4517A45C5300108C27 /* MFDummy.m */; };
		1B36AAA217A03165003657B4 /* UIKit.framework in Frameworks */ = {isa = PBXBuildFile; fileRef = 1B36AAA117A03165003657B4 /* UIKit.framework */; };
		1B36AAA417A03165003657B4 /* Foundation.framework in Frameworks */ = {isa = PBXBuildFile; fileRef = 1B36AAA317A03165003657B4 /* Foundation.framework */; };
		1B36AAA617A03165003657B4 /* CoreGraphics.framework in Frameworks */ = {isa = PBXBuildFile; fileRef = 1B36AAA517A03165003657B4 /* CoreGraphics.framework */; };
		1B36AAAC17A03165003657B4 /* InfoPlist.strings in Resources */ = {isa = PBXBuildFile; fileRef = 1B36AAAA17A03165003657B4 /* InfoPlist.strings */; };
		1B36AAAE17A03165003657B4 /* main.m in Sources */ = {isa = PBXBuildFile; fileRef = 1B36AAAD17A03165003657B4 /* main.m */; };
		1B36AAB217A03165003657B4 /* AppDelegate.m in Sources */ = {isa = PBXBuildFile; fileRef = 1B36AAB117A03165003657B4 /* AppDelegate.m */; };
		1B36AAB417A03165003657B4 /* Default.png in Resources */ = {isa = PBXBuildFile; fileRef = 1B36AAB317A03165003657B4 /* Default.png */; };
		1B36AAB617A03165003657B4 /* Default@2x.png in Resources */ = {isa = PBXBuildFile; fileRef = 1B36AAB517A03165003657B4 /* Default@2x.png */; };
		1B36AAB817A03165003657B4 /* Default-568h@2x.png in Resources */ = {isa = PBXBuildFile; fileRef = 1B36AAB717A03165003657B4 /* Default-568h@2x.png */; };
		1B36AABB17A03165003657B4 /* MainStoryboard.storyboard in Resources */ = {isa = PBXBuildFile; fileRef = 1B36AAB917A03165003657B4 /* MainStoryboard.storyboard */; };
		1B36AABE17A03165003657B4 /* ViewController.m in Sources */ = {isa = PBXBuildFile; fileRef = 1B36AABD17A03165003657B4 /* ViewController.m */; };
/* End PBXBuildFile section */

/* Begin PBXFileReference section */
		1B35CEE917A4124A00108C27 /* MagicalImportFunctions.h */ = {isa = PBXFileReference; fileEncoding = 4; lastKnownFileType = sourcecode.c.h; path = MagicalImportFunctions.h; sourceTree = "<group>"; };
		1B35CEEA17A4124A00108C27 /* MagicalImportFunctions.m */ = {isa = PBXFileReference; fileEncoding = 4; lastKnownFileType = sourcecode.c.objc; path = MagicalImportFunctions.m; sourceTree = "<group>"; };
		1B35CEEB17A4124A00108C27 /* NSAttributeDescription+MagicalDataImport.h */ = {isa = PBXFileReference; fileEncoding = 4; lastKnownFileType = sourcecode.c.h; path = "NSAttributeDescription+MagicalDataImport.h"; sourceTree = "<group>"; };
		1B35CEEC17A4124A00108C27 /* NSAttributeDescription+MagicalDataImport.m */ = {isa = PBXFileReference; fileEncoding = 4; lastKnownFileType = sourcecode.c.objc; path = "NSAttributeDescription+MagicalDataImport.m"; sourceTree = "<group>"; };
		1B35CEED17A4124A00108C27 /* NSEntityDescription+MagicalDataImport.h */ = {isa = PBXFileReference; fileEncoding = 4; lastKnownFileType = sourcecode.c.h; path = "NSEntityDescription+MagicalDataImport.h"; sourceTree = "<group>"; };
		1B35CEEE17A4124A00108C27 /* NSEntityDescription+MagicalDataImport.m */ = {isa = PBXFileReference; fileEncoding = 4; lastKnownFileType = sourcecode.c.objc; path = "NSEntityDescription+MagicalDataImport.m"; sourceTree = "<group>"; };
		1B35CEEF17A4124A00108C27 /* NSNumber+MagicalDataImport.h */ = {isa = PBXFileReference; fileEncoding = 4; lastKnownFileType = sourcecode.c.h; path = "NSNumber+MagicalDataImport.h"; sourceTree = "<group>"; };
		1B35CEF017A4124A00108C27 /* NSNumber+MagicalDataImport.m */ = {isa = PBXFileReference; fileEncoding = 4; lastKnownFileType = sourcecode.c.objc; path = "NSNumber+MagicalDataImport.m"; sourceTree = "<group>"; };
		1B35CEF117A4124A00108C27 /* NSObject+MagicalDataImport.h */ = {isa = PBXFileReference; fileEncoding = 4; lastKnownFileType = sourcecode.c.h; path = "NSObject+MagicalDataImport.h"; sourceTree = "<group>"; };
		1B35CEF217A4124A00108C27 /* NSObject+MagicalDataImport.m */ = {isa = PBXFileReference; fileEncoding = 4; lastKnownFileType = sourcecode.c.objc; path = "NSObject+MagicalDataImport.m"; sourceTree = "<group>"; };
		1B35CEF317A4124A00108C27 /* NSRelationshipDescription+MagicalDataImport.h */ = {isa = PBXFileReference; fileEncoding = 4; lastKnownFileType = sourcecode.c.h; path = "NSRelationshipDescription+MagicalDataImport.h"; sourceTree = "<group>"; };
		1B35CEF417A4124A00108C27 /* NSRelationshipDescription+MagicalDataImport.m */ = {isa = PBXFileReference; fileEncoding = 4; lastKnownFileType = sourcecode.c.objc; path = "NSRelationshipDescription+MagicalDataImport.m"; sourceTree = "<group>"; };
		1B35CEF517A4124A00108C27 /* NSString+MagicalDataImport.h */ = {isa = PBXFileReference; fileEncoding = 4; lastKnownFileType = sourcecode.c.h; path = "NSString+MagicalDataImport.h"; sourceTree = "<group>"; };
		1B35CEF617A4124A00108C27 /* NSString+MagicalDataImport.m */ = {isa = PBXFileReference; fileEncoding = 4; lastKnownFileType = sourcecode.c.objc; path = "NSString+MagicalDataImport.m"; sourceTree = "<group>"; };
		1B35CEF817A4124A00108C27 /* NSManagedObject+MagicalAggregation.h */ = {isa = PBXFileReference; fileEncoding = 4; lastKnownFileType = sourcecode.c.h; path = "NSManagedObject+MagicalAggregation.h"; sourceTree = "<group>"; };
		1B35CEF917A4124A00108C27 /* NSManagedObject+MagicalAggregation.m */ = {isa = PBXFileReference; fileEncoding = 4; lastKnownFileType = sourcecode.c.objc; path = "NSManagedObject+MagicalAggregation.m"; sourceTree = "<group>"; };
		1B35CEFA17A4124A00108C27 /* NSManagedObject+MagicalDataImport.h */ = {isa = PBXFileReference; fileEncoding = 4; lastKnownFileType = sourcecode.c.h; path = "NSManagedObject+MagicalDataImport.h"; sourceTree = "<group>"; };
		1B35CEFB17A4124A00108C27 /* NSManagedObject+MagicalDataImport.m */ = {isa = PBXFileReference; fileEncoding = 4; lastKnownFileType = sourcecode.c.objc; path = "NSManagedObject+MagicalDataImport.m"; sourceTree = "<group>"; };
		1B35CEFC17A4124A00108C27 /* NSManagedObject+MagicalFinders.h */ = {isa = PBXFileReference; fileEncoding = 4; lastKnownFileType = sourcecode.c.h; path = "NSManagedObject+MagicalFinders.h"; sourceTree = "<group>"; };
		1B35CEFD17A4124A00108C27 /* NSManagedObject+MagicalFinders.m */ = {isa = PBXFileReference; fileEncoding = 4; lastKnownFileType = sourcecode.c.objc; path = "NSManagedObject+MagicalFinders.m"; sourceTree = "<group>"; };
		1B35CEFE17A4124A00108C27 /* NSManagedObject+MagicalRecord.h */ = {isa = PBXFileReference; fileEncoding = 4; lastKnownFileType = sourcecode.c.h; path = "NSManagedObject+MagicalRecord.h"; sourceTree = "<group>"; };
		1B35CEFF17A4124A00108C27 /* NSManagedObject+MagicalRecord.m */ = {isa = PBXFileReference; fileEncoding = 4; lastKnownFileType = sourcecode.c.objc; path = "NSManagedObject+MagicalRecord.m"; sourceTree = "<group>"; };
		1B35CF0017A4124A00108C27 /* NSManagedObject+MagicalRequests.h */ = {isa = PBXFileReference; fileEncoding = 4; lastKnownFileType = sourcecode.c.h; path = "NSManagedObject+MagicalRequests.h"; sourceTree = "<group>"; };
		1B35CF0117A4124A00108C27 /* NSManagedObject+MagicalRequests.m */ = {isa = PBXFileReference; fileEncoding = 4; lastKnownFileType = sourcecode.c.objc; path = "NSManagedObject+MagicalRequests.m"; sourceTree = "<group>"; };
		1B35CF0317A4124A00108C27 /* NSManagedObjectContext+MagicalObserving.h */ = {isa = PBXFileReference; fileEncoding = 4; lastKnownFileType = sourcecode.c.h; path = "NSManagedObjectContext+MagicalObserving.h"; sourceTree = "<group>"; };
		1B35CF0417A4124A00108C27 /* NSManagedObjectContext+MagicalObserving.m */ = {isa = PBXFileReference; fileEncoding = 4; lastKnownFileType = sourcecode.c.objc; path = "NSManagedObjectContext+MagicalObserving.m"; sourceTree = "<group>"; };
		1B35CF0517A4124A00108C27 /* NSManagedObjectContext+MagicalRecord.h */ = {isa = PBXFileReference; fileEncoding = 4; lastKnownFileType = sourcecode.c.h; path = "NSManagedObjectContext+MagicalRecord.h"; sourceTree = "<group>"; };
		1B35CF0617A4124A00108C27 /* NSManagedObjectContext+MagicalRecord.m */ = {isa = PBXFileReference; fileEncoding = 4; lastKnownFileType = sourcecode.c.objc; path = "NSManagedObjectContext+MagicalRecord.m"; sourceTree = "<group>"; };
		1B35CF0717A4124A00108C27 /* NSManagedObjectContext+MagicalSaves.h */ = {isa = PBXFileReference; fileEncoding = 4; lastKnownFileType = sourcecode.c.h; path = "NSManagedObjectContext+MagicalSaves.h"; sourceTree = "<group>"; };
		1B35CF0817A4124A00108C27 /* NSManagedObjectContext+MagicalSaves.m */ = {isa = PBXFileReference; fileEncoding = 4; lastKnownFileType = sourcecode.c.objc; path = "NSManagedObjectContext+MagicalSaves.m"; sourceTree = "<group>"; };
		1B35CF0917A4124A00108C27 /* NSManagedObjectContext+MagicalThreading.h */ = {isa = PBXFileReference; fileEncoding = 4; lastKnownFileType = sourcecode.c.h; path = "NSManagedObjectContext+MagicalThreading.h"; sourceTree = "<group>"; };
		1B35CF0A17A4124A00108C27 /* NSManagedObjectContext+MagicalThreading.m */ = {isa = PBXFileReference; fileEncoding = 4; lastKnownFileType = sourcecode.c.objc; path = "NSManagedObjectContext+MagicalThreading.m"; sourceTree = "<group>"; };
		1B35CF0B17A4124A00108C27 /* NSManagedObjectModel+MagicalRecord.h */ = {isa = PBXFileReference; fileEncoding = 4; lastKnownFileType = sourcecode.c.h; path = "NSManagedObjectModel+MagicalRecord.h"; sourceTree = "<group>"; };
		1B35CF0C17A4124A00108C27 /* NSManagedObjectModel+MagicalRecord.m */ = {isa = PBXFileReference; fileEncoding = 4; lastKnownFileType = sourcecode.c.objc; path = "NSManagedObjectModel+MagicalRecord.m"; sourceTree = "<group>"; };
		1B35CF0D17A4124A00108C27 /* NSPersistentStore+MagicalRecord.h */ = {isa = PBXFileReference; fileEncoding = 4; lastKnownFileType = sourcecode.c.h; path = "NSPersistentStore+MagicalRecord.h"; sourceTree = "<group>"; };
		1B35CF0E17A4124A00108C27 /* NSPersistentStore+MagicalRecord.m */ = {isa = PBXFileReference; fileEncoding = 4; lastKnownFileType = sourcecode.c.objc; path = "NSPersistentStore+MagicalRecord.m"; sourceTree = "<group>"; };
		1B35CF0F17A4124A00108C27 /* NSPersistentStoreCoordinator+MagicalRecord.h */ = {isa = PBXFileReference; fileEncoding = 4; lastKnownFileType = sourcecode.c.h; path = "NSPersistentStoreCoordinator+MagicalRecord.h"; sourceTree = "<group>"; };
		1B35CF1017A4124A00108C27 /* NSPersistentStoreCoordinator+MagicalRecord.m */ = {isa = PBXFileReference; fileEncoding = 4; lastKnownFileType = sourcecode.c.objc; path = "NSPersistentStoreCoordinator+MagicalRecord.m"; sourceTree = "<group>"; };
		1B35CF1217A4124A00108C27 /* MagicalRecord+Actions.h */ = {isa = PBXFileReference; fileEncoding = 4; lastKnownFileType = sourcecode.c.h; path = "MagicalRecord+Actions.h"; sourceTree = "<group>"; };
		1B35CF1317A4124A00108C27 /* MagicalRecord+Actions.m */ = {isa = PBXFileReference; fileEncoding = 4; lastKnownFileType = sourcecode.c.objc; path = "MagicalRecord+Actions.m"; sourceTree = "<group>"; };
		1B35CF1417A4124A00108C27 /* MagicalRecord+ErrorHandling.h */ = {isa = PBXFileReference; fileEncoding = 4; lastKnownFileType = sourcecode.c.h; path = "MagicalRecord+ErrorHandling.h"; sourceTree = "<group>"; };
		1B35CF1517A4124A00108C27 /* MagicalRecord+ErrorHandling.m */ = {isa = PBXFileReference; fileEncoding = 4; lastKnownFileType = sourcecode.c.objc; path = "MagicalRecord+ErrorHandling.m"; sourceTree = "<group>"; };
		1B35CF1617A4124A00108C27 /* MagicalRecord+iCloud.h */ = {isa = PBXFileReference; fileEncoding = 4; lastKnownFileType = sourcecode.c.h; path = "MagicalRecord+iCloud.h"; sourceTree = "<group>"; };
		1B35CF1717A4124A00108C27 /* MagicalRecord+iCloud.m */ = {isa = PBXFileReference; fileEncoding = 4; lastKnownFileType = sourcecode.c.objc; path = "MagicalRecord+iCloud.m"; sourceTree = "<group>"; };
		1B35CF1817A4124A00108C27 /* MagicalRecord+Options.h */ = {isa = PBXFileReference; fileEncoding = 4; lastKnownFileType = sourcecode.c.h; path = "MagicalRecord+Options.h"; sourceTree = "<group>"; };
		1B35CF1917A4124A00108C27 /* MagicalRecord+Options.m */ = {isa = PBXFileReference; fileEncoding = 4; lastKnownFileType = sourcecode.c.objc; path = "MagicalRecord+Options.m"; sourceTree = "<group>"; };
		1B35CF1A17A4124A00108C27 /* MagicalRecord+Setup.h */ = {isa = PBXFileReference; fileEncoding = 4; lastKnownFileType = sourcecode.c.h; path = "MagicalRecord+Setup.h"; sourceTree = "<group>"; };
		1B35CF1B17A4124A00108C27 /* MagicalRecord+Setup.m */ = {isa = PBXFileReference; fileEncoding = 4; lastKnownFileType = sourcecode.c.objc; path = "MagicalRecord+Setup.m"; sourceTree = "<group>"; };
		1B35CF1C17A4124A00108C27 /* MagicalRecord+ShorthandSupport.h */ = {isa = PBXFileReference; fileEncoding = 4; lastKnownFileType = sourcecode.c.h; path = "MagicalRecord+ShorthandSupport.h"; sourceTree = "<group>"; };
		1B35CF1D17A4124A00108C27 /* MagicalRecord+ShorthandSupport.m */ = {isa = PBXFileReference; fileEncoding = 4; lastKnownFileType = sourcecode.c.objc; path = "MagicalRecord+ShorthandSupport.m"; sourceTree = "<group>"; };
		1B35CF1E17A4124A00108C27 /* MagicalRecord.h */ = {isa = PBXFileReference; fileEncoding = 4; lastKnownFileType = sourcecode.c.h; path = MagicalRecord.h; sourceTree = "<group>"; };
		1B35CF1F17A4124A00108C27 /* MagicalRecord.m */ = {isa = PBXFileReference; fileEncoding = 4; lastKnownFileType = sourcecode.c.objc; path = MagicalRecord.m; sourceTree = "<group>"; };
		1B35CF2017A4124A00108C27 /* MagicalRecordShorthand.h */ = {isa = PBXFileReference; fileEncoding = 4; lastKnownFileType = sourcecode.c.h; path = MagicalRecordShorthand.h; sourceTree = "<group>"; };
		1B35CF2117A4124A00108C27 /* CoreData+MagicalRecord.h */ = {isa = PBXFileReference; fileEncoding = 4; lastKnownFileType = sourcecode.c.h; path = "CoreData+MagicalRecord.h"; sourceTree = "<group>"; };
		1B35CF3D17A412BF00108C27 /* Model.xcdatamodel */ = {isa = PBXFileReference; lastKnownFileType = wrapper.xcdatamodel; path = Model.xcdatamodel; sourceTree = "<group>"; };
		1B35CF4217A4131D00108C27 /* CoreData.framework */ = {isa = PBXFileReference; lastKnownFileType = wrapper.framework; name = CoreData.framework; path = System/Library/Frameworks/CoreData.framework; sourceTree = SDKROOT; };
		1B35CF4417A45C5300108C27 /* MFDummy.h */ = {isa = PBXFileReference; fileEncoding = 4; lastKnownFileType = sourcecode.c.h; path = MFDummy.h; sourceTree = "<group>"; };
		1B35CF4517A45C5300108C27 /* MFDummy.m */ = {isa = PBXFileReference; fileEncoding = 4; lastKnownFileType = sourcecode.c.objc; path = MFDummy.m; sourceTree = "<group>"; };
		1B36AA9E17A03165003657B4 /* MagicalFreeze.app */ = {isa = PBXFileReference; explicitFileType = wrapper.application; includeInIndex = 0; path = MagicalFreeze.app; sourceTree = BUILT_PRODUCTS_DIR; };
		1B36AAA117A03165003657B4 /* UIKit.framework */ = {isa = PBXFileReference; lastKnownFileType = wrapper.framework; name = UIKit.framework; path = System/Library/Frameworks/UIKit.framework; sourceTree = SDKROOT; };
		1B36AAA317A03165003657B4 /* Foundation.framework */ = {isa = PBXFileReference; lastKnownFileType = wrapper.framework; name = Foundation.framework; path = System/Library/Frameworks/Foundation.framework; sourceTree = SDKROOT; };
		1B36AAA517A03165003657B4 /* CoreGraphics.framework */ = {isa = PBXFileReference; lastKnownFileType = wrapper.framework; name = CoreGraphics.framework; path = System/Library/Frameworks/CoreGraphics.framework; sourceTree = SDKROOT; };
		1B36AAA917A03165003657B4 /* MagicalFreeze-Info.plist */ = {isa = PBXFileReference; lastKnownFileType = text.plist.xml; path = "MagicalFreeze-Info.plist"; sourceTree = "<group>"; };
		1B36AAAB17A03165003657B4 /* en */ = {isa = PBXFileReference; lastKnownFileType = text.plist.strings; name = en; path = en.lproj/InfoPlist.strings; sourceTree = "<group>"; };
		1B36AAAD17A03165003657B4 /* main.m */ = {isa = PBXFileReference; lastKnownFileType = sourcecode.c.objc; path = main.m; sourceTree = "<group>"; };
		1B36AAAF17A03165003657B4 /* MagicalFreeze-Prefix.pch */ = {isa = PBXFileReference; lastKnownFileType = sourcecode.c.h; path = "MagicalFreeze-Prefix.pch"; sourceTree = "<group>"; };
		1B36AAB017A03165003657B4 /* AppDelegate.h */ = {isa = PBXFileReference; lastKnownFileType = sourcecode.c.h; path = AppDelegate.h; sourceTree = "<group>"; };
		1B36AAB117A03165003657B4 /* AppDelegate.m */ = {isa = PBXFileReference; lastKnownFileType = sourcecode.c.objc; path = AppDelegate.m; sourceTree = "<group>"; };
		1B36AAB317A03165003657B4 /* Default.png */ = {isa = PBXFileReference; lastKnownFileType = image.png; path = Default.png; sourceTree = "<group>"; };
		1B36AAB517A03165003657B4 /* Default@2x.png */ = {isa = PBXFileReference; lastKnownFileType = image.png; path = "Default@2x.png"; sourceTree = "<group>"; };
		1B36AAB717A03165003657B4 /* Default-568h@2x.png */ = {isa = PBXFileReference; lastKnownFileType = image.png; path = "Default-568h@2x.png"; sourceTree = "<group>"; };
		1B36AABA17A03165003657B4 /* en */ = {isa = PBXFileReference; lastKnownFileType = file.storyboard; name = en; path = en.lproj/MainStoryboard.storyboard; sourceTree = "<group>"; };
		1B36AABC17A03165003657B4 /* ViewController.h */ = {isa = PBXFileReference; lastKnownFileType = sourcecode.c.h; path = ViewController.h; sourceTree = "<group>"; };
		1B36AABD17A03165003657B4 /* ViewController.m */ = {isa = PBXFileReference; lastKnownFileType = sourcecode.c.objc; path = ViewController.m; sourceTree = "<group>"; };
/* End PBXFileReference section */

/* Begin PBXFrameworksBuildPhase section */
		1B36AA9B17A03165003657B4 /* Frameworks */ = {
			isa = PBXFrameworksBuildPhase;
			buildActionMask = 2147483647;
			files = (
				1B35CF4317A4131D00108C27 /* CoreData.framework in Frameworks */,
				1B36AAA217A03165003657B4 /* UIKit.framework in Frameworks */,
				1B36AAA417A03165003657B4 /* Foundation.framework in Frameworks */,
				1B36AAA617A03165003657B4 /* CoreGraphics.framework in Frameworks */,
			);
			runOnlyForDeploymentPostprocessing = 0;
		};
/* End PBXFrameworksBuildPhase section */

/* Begin PBXGroup section */
		1B35CEE617A4124A00108C27 /* MagicalRecord */ = {
			isa = PBXGroup;
			children = (
				1B35CEE717A4124A00108C27 /* Categories */,
				1B35CF1117A4124A00108C27 /* Core */,
				1B35CF2117A4124A00108C27 /* CoreData+MagicalRecord.h */,
			);
			name = MagicalRecord;
			path = MagicalRecord/MagicalRecord;
			sourceTree = SOURCE_ROOT;
		};
		1B35CEE717A4124A00108C27 /* Categories */ = {
			isa = PBXGroup;
			children = (
				1B35CEE817A4124A00108C27 /* DataImport */,
				1B35CEF717A4124A00108C27 /* NSManagedObject */,
				1B35CF0217A4124A00108C27 /* NSManagedObjectContext */,
				1B35CF0B17A4124A00108C27 /* NSManagedObjectModel+MagicalRecord.h */,
				1B35CF0C17A4124A00108C27 /* NSManagedObjectModel+MagicalRecord.m */,
				1B35CF0D17A4124A00108C27 /* NSPersistentStore+MagicalRecord.h */,
				1B35CF0E17A4124A00108C27 /* NSPersistentStore+MagicalRecord.m */,
				1B35CF0F17A4124A00108C27 /* NSPersistentStoreCoordinator+MagicalRecord.h */,
				1B35CF1017A4124A00108C27 /* NSPersistentStoreCoordinator+MagicalRecord.m */,
			);
			path = Categories;
			sourceTree = "<group>";
		};
		1B35CEE817A4124A00108C27 /* DataImport */ = {
			isa = PBXGroup;
			children = (
				1B35CEE917A4124A00108C27 /* MagicalImportFunctions.h */,
				1B35CEEA17A4124A00108C27 /* MagicalImportFunctions.m */,
				1B35CEEB17A4124A00108C27 /* NSAttributeDescription+MagicalDataImport.h */,
				1B35CEEC17A4124A00108C27 /* NSAttributeDescription+MagicalDataImport.m */,
				1B35CEED17A4124A00108C27 /* NSEntityDescription+MagicalDataImport.h */,
				1B35CEEE17A4124A00108C27 /* NSEntityDescription+MagicalDataImport.m */,
				1B35CEEF17A4124A00108C27 /* NSNumber+MagicalDataImport.h */,
				1B35CEF017A4124A00108C27 /* NSNumber+MagicalDataImport.m */,
				1B35CEF117A4124A00108C27 /* NSObject+MagicalDataImport.h */,
				1B35CEF217A4124A00108C27 /* NSObject+MagicalDataImport.m */,
				1B35CEF317A4124A00108C27 /* NSRelationshipDescription+MagicalDataImport.h */,
				1B35CEF417A4124A00108C27 /* NSRelationshipDescription+MagicalDataImport.m */,
				1B35CEF517A4124A00108C27 /* NSString+MagicalDataImport.h */,
				1B35CEF617A4124A00108C27 /* NSString+MagicalDataImport.m */,
			);
			path = DataImport;
			sourceTree = "<group>";
		};
		1B35CEF717A4124A00108C27 /* NSManagedObject */ = {
			isa = PBXGroup;
			children = (
				1B35CEF817A4124A00108C27 /* NSManagedObject+MagicalAggregation.h */,
				1B35CEF917A4124A00108C27 /* NSManagedObject+MagicalAggregation.m */,
				1B35CEFA17A4124A00108C27 /* NSManagedObject+MagicalDataImport.h */,
				1B35CEFB17A4124A00108C27 /* NSManagedObject+MagicalDataImport.m */,
				1B35CEFC17A4124A00108C27 /* NSManagedObject+MagicalFinders.h */,
				1B35CEFD17A4124A00108C27 /* NSManagedObject+MagicalFinders.m */,
				1B35CEFE17A4124A00108C27 /* NSManagedObject+MagicalRecord.h */,
				1B35CEFF17A4124A00108C27 /* NSManagedObject+MagicalRecord.m */,
				1B35CF0017A4124A00108C27 /* NSManagedObject+MagicalRequests.h */,
				1B35CF0117A4124A00108C27 /* NSManagedObject+MagicalRequests.m */,
			);
			path = NSManagedObject;
			sourceTree = "<group>";
		};
		1B35CF0217A4124A00108C27 /* NSManagedObjectContext */ = {
			isa = PBXGroup;
			children = (
				1B35CF0317A4124A00108C27 /* NSManagedObjectContext+MagicalObserving.h */,
				1B35CF0417A4124A00108C27 /* NSManagedObjectContext+MagicalObserving.m */,
				1B35CF0517A4124A00108C27 /* NSManagedObjectContext+MagicalRecord.h */,
				1B35CF0617A4124A00108C27 /* NSManagedObjectContext+MagicalRecord.m */,
				1B35CF0717A4124A00108C27 /* NSManagedObjectContext+MagicalSaves.h */,
				1B35CF0817A4124A00108C27 /* NSManagedObjectContext+MagicalSaves.m */,
				1B35CF0917A4124A00108C27 /* NSManagedObjectContext+MagicalThreading.h */,
				1B35CF0A17A4124A00108C27 /* NSManagedObjectContext+MagicalThreading.m */,
			);
			path = NSManagedObjectContext;
			sourceTree = "<group>";
		};
		1B35CF1117A4124A00108C27 /* Core */ = {
			isa = PBXGroup;
			children = (
				1B35CF1217A4124A00108C27 /* MagicalRecord+Actions.h */,
				1B35CF1317A4124A00108C27 /* MagicalRecord+Actions.m */,
				1B35CF1417A4124A00108C27 /* MagicalRecord+ErrorHandling.h */,
				1B35CF1517A4124A00108C27 /* MagicalRecord+ErrorHandling.m */,
				1B35CF1617A4124A00108C27 /* MagicalRecord+iCloud.h */,
				1B35CF1717A4124A00108C27 /* MagicalRecord+iCloud.m */,
				1B35CF1817A4124A00108C27 /* MagicalRecord+Options.h */,
				1B35CF1917A4124A00108C27 /* MagicalRecord+Options.m */,
				1B35CF1A17A4124A00108C27 /* MagicalRecord+Setup.h */,
				1B35CF1B17A4124A00108C27 /* MagicalRecord+Setup.m */,
				1B35CF1C17A4124A00108C27 /* MagicalRecord+ShorthandSupport.h */,
				1B35CF1D17A4124A00108C27 /* MagicalRecord+ShorthandSupport.m */,
				1B35CF1E17A4124A00108C27 /* MagicalRecord.h */,
				1B35CF1F17A4124A00108C27 /* MagicalRecord.m */,
				1B35CF2017A4124A00108C27 /* MagicalRecordShorthand.h */,
			);
			path = Core;
			sourceTree = "<group>";
		};
		1B36AA9517A03165003657B4 = {
			isa = PBXGroup;
			children = (
				1B36AAA717A03165003657B4 /* MagicalFreeze */,
				1B36AAA017A03165003657B4 /* Frameworks */,
				1B36AA9F17A03165003657B4 /* Products */,
			);
			sourceTree = "<group>";
		};
		1B36AA9F17A03165003657B4 /* Products */ = {
			isa = PBXGroup;
			children = (
				1B36AA9E17A03165003657B4 /* MagicalFreeze.app */,
			);
			name = Products;
			sourceTree = "<group>";
		};
		1B36AAA017A03165003657B4 /* Frameworks */ = {
			isa = PBXGroup;
			children = (
				1B35CF4217A4131D00108C27 /* CoreData.framework */,
				1B36AAA117A03165003657B4 /* UIKit.framework */,
				1B36AAA317A03165003657B4 /* Foundation.framework */,
				1B36AAA517A03165003657B4 /* CoreGraphics.framework */,
			);
			name = Frameworks;
			sourceTree = "<group>";
		};
		1B36AAA717A03165003657B4 /* MagicalFreeze */ = {
			isa = PBXGroup;
			children = (
				1B36AAB017A03165003657B4 /* AppDelegate.h */,
				1B36AAB117A03165003657B4 /* AppDelegate.m */,
				1B36AAB917A03165003657B4 /* MainStoryboard.storyboard */,
				1B36AABC17A03165003657B4 /* ViewController.h */,
				1B36AABD17A03165003657B4 /* ViewController.m */,
				1B35CF4417A45C5300108C27 /* MFDummy.h */,
				1B35CF4517A45C5300108C27 /* MFDummy.m */,
				1B35CF3C17A412BF00108C27 /* Model.xcdatamodeld */,
				1B35CEE617A4124A00108C27 /* MagicalRecord */,
				1B36AAA817A03165003657B4 /* Supporting Files */,
			);
			path = MagicalFreeze;
			sourceTree = "<group>";
		};
		1B36AAA817A03165003657B4 /* Supporting Files */ = {
			isa = PBXGroup;
			children = (
				1B36AAA917A03165003657B4 /* MagicalFreeze-Info.plist */,
				1B36AAAA17A03165003657B4 /* InfoPlist.strings */,
				1B36AAAD17A03165003657B4 /* main.m */,
				1B36AAAF17A03165003657B4 /* MagicalFreeze-Prefix.pch */,
				1B36AAB317A03165003657B4 /* Default.png */,
				1B36AAB517A03165003657B4 /* Default@2x.png */,
				1B36AAB717A03165003657B4 /* Default-568h@2x.png */,
			);
			name = "Supporting Files";
			sourceTree = "<group>";
		};
/* End PBXGroup section */

/* Begin PBXNativeTarget section */
		1B36AA9D17A03165003657B4 /* MagicalFreeze */ = {
			isa = PBXNativeTarget;
			buildConfigurationList = 1B36AAC117A03165003657B4 /* Build configuration list for PBXNativeTarget "MagicalFreeze" */;
			buildPhases = (
				1B36AA9A17A03165003657B4 /* Sources */,
				1B36AA9B17A03165003657B4 /* Frameworks */,
				1B36AA9C17A03165003657B4 /* Resources */,
			);
			buildRules = (
			);
			dependencies = (
			);
			name = MagicalFreeze;
			productName = MagicalFreeze;
			productReference = 1B36AA9E17A03165003657B4 /* MagicalFreeze.app */;
			productType = "com.apple.product-type.application";
		};
/* End PBXNativeTarget section */

/* Begin PBXProject section */
		1B36AA9617A03165003657B4 /* Project object */ = {
			isa = PBXProject;
			attributes = {
				LastUpgradeCheck = 0460;
				ORGANIZATIONNAME = xissburg;
			};
			buildConfigurationList = 1B36AA9917A03165003657B4 /* Build configuration list for PBXProject "MagicalFreeze" */;
			compatibilityVersion = "Xcode 3.2";
			developmentRegion = English;
			hasScannedForEncodings = 0;
			knownRegions = (
				en,
			);
			mainGroup = 1B36AA9517A03165003657B4;
			productRefGroup = 1B36AA9F17A03165003657B4 /* Products */;
			projectDirPath = "";
			projectRoot = "";
			targets = (
				1B36AA9D17A03165003657B4 /* MagicalFreeze */,
			);
		};
/* End PBXProject section */

/* Begin PBXResourcesBuildPhase section */
		1B36AA9C17A03165003657B4 /* Resources */ = {
			isa = PBXResourcesBuildPhase;
			buildActionMask = 2147483647;
			files = (
				1B36AAAC17A03165003657B4 /* InfoPlist.strings in Resources */,
				1B36AAB417A03165003657B4 /* Default.png in Resources */,
				1B36AAB617A03165003657B4 /* Default@2x.png in Resources */,
				1B36AAB817A03165003657B4 /* Default-568h@2x.png in Resources */,
				1B36AABB17A03165003657B4 /* MainStoryboard.storyboard in Resources */,
			);
			runOnlyForDeploymentPostprocessing = 0;
		};
/* End PBXResourcesBuildPhase section */

/* Begin PBXSourcesBuildPhase section */
		1B36AA9A17A03165003657B4 /* Sources */ = {
			isa = PBXSourcesBuildPhase;
			buildActionMask = 2147483647;
			files = (
				1B36AAAE17A03165003657B4 /* main.m in Sources */,
				1B36AAB217A03165003657B4 /* AppDelegate.m in Sources */,
				1B36AABE17A03165003657B4 /* ViewController.m in Sources */,
				1B35CF2217A4124A00108C27 /* MagicalImportFunctions.m in Sources */,
				1B35CF2317A4124A00108C27 /* NSAttributeDescription+MagicalDataImport.m in Sources */,
				1B35CF2417A4124A00108C27 /* NSEntityDescription+MagicalDataImport.m in Sources */,
				1B35CF2517A4124A00108C27 /* NSNumber+MagicalDataImport.m in Sources */,
				1B35CF2617A4124A00108C27 /* NSObject+MagicalDataImport.m in Sources */,
				1B35CF2717A4124A00108C27 /* NSRelationshipDescription+MagicalDataImport.m in Sources */,
				1B35CF2817A4124A00108C27 /* NSString+MagicalDataImport.m in Sources */,
				1B35CF2917A4124A00108C27 /* NSManagedObject+MagicalAggregation.m in Sources */,
				1B35CF2A17A4124A00108C27 /* NSManagedObject+MagicalDataImport.m in Sources */,
				1B35CF2B17A4124A00108C27 /* NSManagedObject+MagicalFinders.m in Sources */,
				1B35CF2C17A4124A00108C27 /* NSManagedObject+MagicalRecord.m in Sources */,
				1B35CF2D17A4124A00108C27 /* NSManagedObject+MagicalRequests.m in Sources */,
				1B35CF2E17A4124A00108C27 /* NSManagedObjectContext+MagicalObserving.m in Sources */,
				1B35CF2F17A4124A00108C27 /* NSManagedObjectContext+MagicalRecord.m in Sources */,
				1B35CF3017A4124A00108C27 /* NSManagedObjectContext+MagicalSaves.m in Sources */,
				1B35CF3117A4124A00108C27 /* NSManagedObjectContext+MagicalThreading.m in Sources */,
				1B35CF3217A4124A00108C27 /* NSManagedObjectModel+MagicalRecord.m in Sources */,
				1B35CF3317A4124A00108C27 /* NSPersistentStore+MagicalRecord.m in Sources */,
				1B35CF3417A4124A00108C27 /* NSPersistentStoreCoordinator+MagicalRecord.m in Sources */,
				1B35CF3517A4124A00108C27 /* MagicalRecord+Actions.m in Sources */,
				1B35CF3617A4124A00108C27 /* MagicalRecord+ErrorHandling.m in Sources */,
				1B35CF3717A4124A00108C27 /* MagicalRecord+iCloud.m in Sources */,
				1B35CF3817A4124A00108C27 /* MagicalRecord+Options.m in Sources */,
				1B35CF3917A4124A00108C27 /* MagicalRecord+Setup.m in Sources */,
				1B35CF3A17A4124A00108C27 /* MagicalRecord+ShorthandSupport.m in Sources */,
				1B35CF3B17A4124A00108C27 /* MagicalRecord.m in Sources */,
				1B35CF3E17A412BF00108C27 /* Model.xcdatamodeld in Sources */,
				1B35CF4617A45C5300108C27 /* MFDummy.m in Sources */,
			);
			runOnlyForDeploymentPostprocessing = 0;
		};
/* End PBXSourcesBuildPhase section */

/* Begin PBXVariantGroup section */
		1B36AAAA17A03165003657B4 /* InfoPlist.strings */ = {
			isa = PBXVariantGroup;
			children = (
				1B36AAAB17A03165003657B4 /* en */,
			);
			name = InfoPlist.strings;
			sourceTree = "<group>";
		};
		1B36AAB917A03165003657B4 /* MainStoryboard.storyboard */ = {
			isa = PBXVariantGroup;
			children = (
				1B36AABA17A03165003657B4 /* en */,
			);
			name = MainStoryboard.storyboard;
			sourceTree = "<group>";
		};
/* End PBXVariantGroup section */

/* Begin XCBuildConfiguration section */
		1B36AABF17A03165003657B4 /* Debug */ = {
			isa = XCBuildConfiguration;
			buildSettings = {
				ALWAYS_SEARCH_USER_PATHS = NO;
				CLANG_CXX_LANGUAGE_STANDARD = "gnu++0x";
				CLANG_CXX_LIBRARY = "libc++";
				CLANG_WARN_CONSTANT_CONVERSION = YES;
				CLANG_WARN_EMPTY_BODY = YES;
				CLANG_WARN_ENUM_CONVERSION = YES;
				CLANG_WARN_INT_CONVERSION = YES;
				CLANG_WARN__DUPLICATE_METHOD_MATCH = YES;
				"CODE_SIGN_IDENTITY[sdk=iphoneos*]" = "iPhone Developer";
				COPY_PHASE_STRIP = NO;
				GCC_C_LANGUAGE_STANDARD = gnu99;
				GCC_DYNAMIC_NO_PIC = NO;
				GCC_OPTIMIZATION_LEVEL = 0;
				GCC_PREPROCESSOR_DEFINITIONS = (
					"DEBUG=1",
					"$(inherited)",
				);
				GCC_SYMBOLS_PRIVATE_EXTERN = NO;
				GCC_WARN_ABOUT_RETURN_TYPE = YES;
				GCC_WARN_UNINITIALIZED_AUTOS = YES;
				GCC_WARN_UNUSED_VARIABLE = YES;
				IPHONEOS_DEPLOYMENT_TARGET = 6.1;
				ONLY_ACTIVE_ARCH = YES;
				SDKROOT = iphoneos;
			};
			name = Debug;
		};
		1B36AAC017A03165003657B4 /* Release */ = {
			isa = XCBuildConfiguration;
			buildSettings = {
				ALWAYS_SEARCH_USER_PATHS = NO;
				CLANG_CXX_LANGUAGE_STANDARD = "gnu++0x";
				CLANG_CXX_LIBRARY = "libc++";
				CLANG_WARN_CONSTANT_CONVERSION = YES;
				CLANG_WARN_EMPTY_BODY = YES;
				CLANG_WARN_ENUM_CONVERSION = YES;
				CLANG_WARN_INT_CONVERSION = YES;
				CLANG_WARN__DUPLICATE_METHOD_MATCH = YES;
				"CODE_SIGN_IDENTITY[sdk=iphoneos*]" = "iPhone Developer";
				COPY_PHASE_STRIP = YES;
				GCC_C_LANGUAGE_STANDARD = gnu99;
				GCC_WARN_ABOUT_RETURN_TYPE = YES;
				GCC_WARN_UNINITIALIZED_AUTOS = YES;
				GCC_WARN_UNUSED_VARIABLE = YES;
				IPHONEOS_DEPLOYMENT_TARGET = 6.1;
				OTHER_CFLAGS = "-DNS_BLOCK_ASSERTIONS=1";
				SDKROOT = iphoneos;
				VALIDATE_PRODUCT = YES;
			};
			name = Release;
		};
		1B36AAC217A03165003657B4 /* Debug */ = {
			isa = XCBuildConfiguration;
			buildSettings = {
				CLANG_ENABLE_OBJC_ARC = YES;
				GCC_PRECOMPILE_PREFIX_HEADER = YES;
				GCC_PREFIX_HEADER = "MagicalFreeze/MagicalFreeze-Prefix.pch";
				INFOPLIST_FILE = "MagicalFreeze/MagicalFreeze-Info.plist";
				PRODUCT_NAME = "$(TARGET_NAME)";
				WRAPPER_EXTENSION = app;
			};
			name = Debug;
		};
		1B36AAC317A03165003657B4 /* Release */ = {
			isa = XCBuildConfiguration;
			buildSettings = {
				CLANG_ENABLE_OBJC_ARC = YES;
				GCC_PRECOMPILE_PREFIX_HEADER = YES;
				GCC_PREFIX_HEADER = "MagicalFreeze/MagicalFreeze-Prefix.pch";
				INFOPLIST_FILE = "MagicalFreeze/MagicalFreeze-Info.plist";
				PRODUCT_NAME = "$(TARGET_NAME)";
				WRAPPER_EXTENSION = app;
			};
			name = Release;
		};
/* End XCBuildConfiguration section */

/* Begin XCConfigurationList section */
		1B36AA9917A03165003657B4 /* Build configuration list for PBXProject "MagicalFreeze" */ = {
			isa = XCConfigurationList;
			buildConfigurations = (
				1B36AABF17A03165003657B4 /* Debug */,
				1B36AAC017A03165003657B4 /* Release */,
			);
			defaultConfigurationIsVisible = 0;
			defaultConfigurationName = Release;
		};
		1B36AAC117A03165003657B4 /* Build configuration list for PBXNativeTarget "MagicalFreeze" */ = {
			isa = XCConfigurationList;
			buildConfigurations = (
				1B36AAC217A03165003657B4 /* Debug */,
				1B36AAC317A03165003657B4 /* Release */,
			);
			defaultConfigurationIsVisible = 0;
			defaultConfigurationName = Release;
		};
/* End XCConfigurationList section */

/* Begin XCVersionGroup section */
		1B35CF3C17A412BF00108C27 /* Model.xcdatamodeld */ = {
			isa = XCVersionGroup;
			children = (
				1B35CF3D17A412BF00108C27 /* Model.xcdatamodel */,
			);
			currentVersion = 1B35CF3D17A412BF00108C27 /* Model.xcdatamodel */;
			path = Model.xcdatamodeld;
			sourceTree = "<group>";
			versionGroupType = wrapper.xcdatamodel;
		};
/* End XCVersionGroup section */
	};
	rootObject = 1B36AA9617A03165003657B4 /* Project object */;
}
