// !$*UTF8*$!
{
	archiveVersion = 1;
	classes = {
	};
	objectVersion = 46;
	objects = {

/* Begin PBXBuildFile section */
		1B1086FF19210FEF0025E20E /* MagicalImportFunctions.m in Sources */ = {isa = PBXBuildFile; fileRef = 1B1086C519210FEF0025E20E /* MagicalImportFunctions.m */; };
		1B10870019210FEF0025E20E /* NSAttributeDescription+MagicalDataImport.m in Sources */ = {isa = PBXBuildFile; fileRef = 1B1086C719210FEF0025E20E /* NSAttributeDescription+MagicalDataImport.m */; };
		1B10870119210FEF0025E20E /* NSEntityDescription+MagicalDataImport.m in Sources */ = {isa = PBXBuildFile; fileRef = 1B1086C919210FEF0025E20E /* NSEntityDescription+MagicalDataImport.m */; };
		1B10870219210FEF0025E20E /* NSNumber+MagicalDataImport.m in Sources */ = {isa = PBXBuildFile; fileRef = 1B1086CB19210FEF0025E20E /* NSNumber+MagicalDataImport.m */; };
		1B10870319210FEF0025E20E /* NSObject+MagicalDataImport.m in Sources */ = {isa = PBXBuildFile; fileRef = 1B1086CD19210FEF0025E20E /* NSObject+MagicalDataImport.m */; };
		1B10870419210FEF0025E20E /* NSRelationshipDescription+MagicalDataImport.m in Sources */ = {isa = PBXBuildFile; fileRef = 1B1086CF19210FEF0025E20E /* NSRelationshipDescription+MagicalDataImport.m */; };
		1B10870519210FEF0025E20E /* NSString+MagicalDataImport.m in Sources */ = {isa = PBXBuildFile; fileRef = 1B1086D119210FEF0025E20E /* NSString+MagicalDataImport.m */; };
		1B10870619210FEF0025E20E /* NSManagedObject+MagicalAggregation.m in Sources */ = {isa = PBXBuildFile; fileRef = 1B1086D419210FEF0025E20E /* NSManagedObject+MagicalAggregation.m */; };
		1B10870719210FEF0025E20E /* NSManagedObject+MagicalDataImport.m in Sources */ = {isa = PBXBuildFile; fileRef = 1B1086D619210FEF0025E20E /* NSManagedObject+MagicalDataImport.m */; };
		1B10870819210FEF0025E20E /* NSManagedObject+MagicalFinders.m in Sources */ = {isa = PBXBuildFile; fileRef = 1B1086D819210FEF0025E20E /* NSManagedObject+MagicalFinders.m */; };
		1B10870919210FEF0025E20E /* NSManagedObject+MagicalRecord.m in Sources */ = {isa = PBXBuildFile; fileRef = 1B1086DA19210FEF0025E20E /* NSManagedObject+MagicalRecord.m */; };
		1B10870A19210FEF0025E20E /* NSManagedObject+MagicalRequests.m in Sources */ = {isa = PBXBuildFile; fileRef = 1B1086DC19210FEF0025E20E /* NSManagedObject+MagicalRequests.m */; };
		1B10870B19210FEF0025E20E /* NSManagedObjectContext+MagicalObserving.m in Sources */ = {isa = PBXBuildFile; fileRef = 1B1086DF19210FEF0025E20E /* NSManagedObjectContext+MagicalObserving.m */; };
		1B10870C19210FEF0025E20E /* NSManagedObjectContext+MagicalRecord.m in Sources */ = {isa = PBXBuildFile; fileRef = 1B1086E119210FEF0025E20E /* NSManagedObjectContext+MagicalRecord.m */; };
		1B10870D19210FEF0025E20E /* NSManagedObjectContext+MagicalSaves.m in Sources */ = {isa = PBXBuildFile; fileRef = 1B1086E319210FEF0025E20E /* NSManagedObjectContext+MagicalSaves.m */; };
		1B10870E19210FEF0025E20E /* NSManagedObjectContext+MagicalThreading.m in Sources */ = {isa = PBXBuildFile; fileRef = 1B1086E519210FEF0025E20E /* NSManagedObjectContext+MagicalThreading.m */; };
		1B10870F19210FEF0025E20E /* NSManagedObjectModel+MagicalRecord.m in Sources */ = {isa = PBXBuildFile; fileRef = 1B1086E719210FEF0025E20E /* NSManagedObjectModel+MagicalRecord.m */; };
		1B10871019210FEF0025E20E /* NSPersistentStore+MagicalRecord.m in Sources */ = {isa = PBXBuildFile; fileRef = 1B1086E919210FEF0025E20E /* NSPersistentStore+MagicalRecord.m */; };
		1B10871119210FEF0025E20E /* NSPersistentStoreCoordinator+MagicalRecord.m in Sources */ = {isa = PBXBuildFile; fileRef = 1B1086EB19210FEF0025E20E /* NSPersistentStoreCoordinator+MagicalRecord.m */; };
		1B10871219210FEF0025E20E /* MagicalRecord+Actions.m in Sources */ = {isa = PBXBuildFile; fileRef = 1B1086EE19210FEF0025E20E /* MagicalRecord+Actions.m */; };
		1B10871319210FEF0025E20E /* MagicalRecord+ErrorHandling.m in Sources */ = {isa = PBXBuildFile; fileRef = 1B1086F019210FEF0025E20E /* MagicalRecord+ErrorHandling.m */; };
		1B10871419210FEF0025E20E /* MagicalRecord+iCloud.m in Sources */ = {isa = PBXBuildFile; fileRef = 1B1086F219210FEF0025E20E /* MagicalRecord+iCloud.m */; };
		1B10871519210FEF0025E20E /* MagicalRecord+Options.m in Sources */ = {isa = PBXBuildFile; fileRef = 1B1086F419210FEF0025E20E /* MagicalRecord+Options.m */; };
		1B10871619210FEF0025E20E /* MagicalRecord+Setup.m in Sources */ = {isa = PBXBuildFile; fileRef = 1B1086F619210FEF0025E20E /* MagicalRecord+Setup.m */; };
		1B10871719210FEF0025E20E /* MagicalRecord+ShorthandSupport.m in Sources */ = {isa = PBXBuildFile; fileRef = 1B1086F819210FEF0025E20E /* MagicalRecord+ShorthandSupport.m */; };
		1B10871819210FEF0025E20E /* MagicalRecord.m in Sources */ = {isa = PBXBuildFile; fileRef = 1B1086FA19210FEF0025E20E /* MagicalRecord.m */; };
		1B10871B192111FF0025E20E /* MFDummy.m in Sources */ = {isa = PBXBuildFile; fileRef = 1B10871A192111FF0025E20E /* MFDummy.m */; };
		1B35CF3E17A412BF00108C27 /* Model.xcdatamodeld in Sources */ = {isa = PBXBuildFile; fileRef = 1B35CF3C17A412BF00108C27 /* Model.xcdatamodeld */; };
		1B35CF4317A4131D00108C27 /* CoreData.framework in Frameworks */ = {isa = PBXBuildFile; fileRef = 1B35CF4217A4131D00108C27 /* CoreData.framework */; };
		1B36AAA217A03165003657B4 /* UIKit.framework in Frameworks */ = {isa = PBXBuildFile; fileRef = 1B36AAA117A03165003657B4 /* UIKit.framework */; };
		1B36AAA417A03165003657B4 /* Foundation.framework in Frameworks */ = {isa = PBXBuildFile; fileRef = 1B36AAA317A03165003657B4 /* Foundation.framework */; };
		1B36AAA617A03165003657B4 /* CoreGraphics.framework in Frameworks */ = {isa = PBXBuildFile; fileRef = 1B36AAA517A03165003657B4 /* CoreGraphics.framework */; };
		1B36AAAC17A03165003657B4 /* InfoPlist.strings in Resources */ = {isa = PBXBuildFile; fileRef = 1B36AAAA17A03165003657B4 /* InfoPlist.strings */; };
		1B36AAAE17A03165003657B4 /* main.m in Sources */ = {isa = PBXBuildFile; fileRef = 1B36AAAD17A03165003657B4 /* main.m */; };
		1B36AAB217A03165003657B4 /* AppDelegate.m in Sources */ = {isa = PBXBuildFile; fileRef = 1B36AAB117A03165003657B4 /* AppDelegate.m */; };
		1B36AAB417A03165003657B4 /* Default.png in Resources */ = {isa = PBXBuildFile; fileRef = 1B36AAB317A03165003657B4 /* Default.png */; };
		1B36AAB617A03165003657B4 /* Default@2x.png in Resources */ = {isa = PBXBuildFile; fileRef = 1B36AAB517A03165003657B4 /* Default@2x.png */; };
		1B36AAB817A03165003657B4 /* Default-568h@2x.png in Resources */ = {isa = PBXBuildFile; fileRef = 1B36AAB717A03165003657B4 /* Default-568h@2x.png */; };
		1B36AABB17A03165003657B4 /* MainStoryboard.storyboard in Resources */ = {isa = PBXBuildFile; fileRef = 1B36AAB917A03165003657B4 /* MainStoryboard.storyboard */; };
		1B36AABE17A03165003657B4 /* ViewController.m in Sources */ = {isa = PBXBuildFile; fileRef = 1B36AABD17A03165003657B4 /* ViewController.m */; };
/* End PBXBuildFile section */

/* Begin PBXFileReference section */
		1B1086C419210FEF0025E20E /* MagicalImportFunctions.h */ = {isa = PBXFileReference; fileEncoding = 4; lastKnownFileType = sourcecode.c.h; path = MagicalImportFunctions.h; sourceTree = "<group>"; };
		1B1086C519210FEF0025E20E /* MagicalImportFunctions.m */ = {isa = PBXFileReference; fileEncoding = 4; lastKnownFileType = sourcecode.c.objc; path = MagicalImportFunctions.m; sourceTree = "<group>"; };
		1B1086C619210FEF0025E20E /* NSAttributeDescription+MagicalDataImport.h */ = {isa = PBXFileReference; fileEncoding = 4; lastKnownFileType = sourcecode.c.h; path = "NSAttributeDescription+MagicalDataImport.h"; sourceTree = "<group>"; };
		1B1086C719210FEF0025E20E /* NSAttributeDescription+MagicalDataImport.m */ = {isa = PBXFileReference; fileEncoding = 4; lastKnownFileType = sourcecode.c.objc; path = "NSAttributeDescription+MagicalDataImport.m"; sourceTree = "<group>"; };
		1B1086C819210FEF0025E20E /* NSEntityDescription+MagicalDataImport.h */ = {isa = PBXFileReference; fileEncoding = 4; lastKnownFileType = sourcecode.c.h; path = "NSEntityDescription+MagicalDataImport.h"; sourceTree = "<group>"; };
		1B1086C919210FEF0025E20E /* NSEntityDescription+MagicalDataImport.m */ = {isa = PBXFileReference; fileEncoding = 4; lastKnownFileType = sourcecode.c.objc; path = "NSEntityDescription+MagicalDataImport.m"; sourceTree = "<group>"; };
		1B1086CA19210FEF0025E20E /* NSNumber+MagicalDataImport.h */ = {isa = PBXFileReference; fileEncoding = 4; lastKnownFileType = sourcecode.c.h; path = "NSNumber+MagicalDataImport.h"; sourceTree = "<group>"; };
		1B1086CB19210FEF0025E20E /* NSNumber+MagicalDataImport.m */ = {isa = PBXFileReference; fileEncoding = 4; lastKnownFileType = sourcecode.c.objc; path = "NSNumber+MagicalDataImport.m"; sourceTree = "<group>"; };
		1B1086CC19210FEF0025E20E /* NSObject+MagicalDataImport.h */ = {isa = PBXFileReference; fileEncoding = 4; lastKnownFileType = sourcecode.c.h; path = "NSObject+MagicalDataImport.h"; sourceTree = "<group>"; };
		1B1086CD19210FEF0025E20E /* NSObject+MagicalDataImport.m */ = {isa = PBXFileReference; fileEncoding = 4; lastKnownFileType = sourcecode.c.objc; path = "NSObject+MagicalDataImport.m"; sourceTree = "<group>"; };
		1B1086CE19210FEF0025E20E /* NSRelationshipDescription+MagicalDataImport.h */ = {isa = PBXFileReference; fileEncoding = 4; lastKnownFileType = sourcecode.c.h; path = "NSRelationshipDescription+MagicalDataImport.h"; sourceTree = "<group>"; };
		1B1086CF19210FEF0025E20E /* NSRelationshipDescription+MagicalDataImport.m */ = {isa = PBXFileReference; fileEncoding = 4; lastKnownFileType = sourcecode.c.objc; path = "NSRelationshipDescription+MagicalDataImport.m"; sourceTree = "<group>"; };
		1B1086D019210FEF0025E20E /* NSString+MagicalDataImport.h */ = {isa = PBXFileReference; fileEncoding = 4; lastKnownFileType = sourcecode.c.h; path = "NSString+MagicalDataImport.h"; sourceTree = "<group>"; };
		1B1086D119210FEF0025E20E /* NSString+MagicalDataImport.m */ = {isa = PBXFileReference; fileEncoding = 4; lastKnownFileType = sourcecode.c.objc; path = "NSString+MagicalDataImport.m"; sourceTree = "<group>"; };
		1B1086D319210FEF0025E20E /* NSManagedObject+MagicalAggregation.h */ = {isa = PBXFileReference; fileEncoding = 4; lastKnownFileType = sourcecode.c.h; path = "NSManagedObject+MagicalAggregation.h"; sourceTree = "<group>"; };
		1B1086D419210FEF0025E20E /* NSManagedObject+MagicalAggregation.m */ = {isa = PBXFileReference; fileEncoding = 4; lastKnownFileType = sourcecode.c.objc; path = "NSManagedObject+MagicalAggregation.m"; sourceTree = "<group>"; };
		1B1086D519210FEF0025E20E /* NSManagedObject+MagicalDataImport.h */ = {isa = PBXFileReference; fileEncoding = 4; lastKnownFileType = sourcecode.c.h; path = "NSManagedObject+MagicalDataImport.h"; sourceTree = "<group>"; };
		1B1086D619210FEF0025E20E /* NSManagedObject+MagicalDataImport.m */ = {isa = PBXFileReference; fileEncoding = 4; lastKnownFileType = sourcecode.c.objc; path = "NSManagedObject+MagicalDataImport.m"; sourceTree = "<group>"; };
		1B1086D719210FEF0025E20E /* NSManagedObject+MagicalFinders.h */ = {isa = PBXFileReference; fileEncoding = 4; lastKnownFileType = sourcecode.c.h; path = "NSManagedObject+MagicalFinders.h"; sourceTree = "<group>"; };
		1B1086D819210FEF0025E20E /* NSManagedObject+MagicalFinders.m */ = {isa = PBXFileReference; fileEncoding = 4; lastKnownFileType = sourcecode.c.objc; path = "NSManagedObject+MagicalFinders.m"; sourceTree = "<group>"; };
		1B1086D919210FEF0025E20E /* NSManagedObject+MagicalRecord.h */ = {isa = PBXFileReference; fileEncoding = 4; lastKnownFileType = sourcecode.c.h; path = "NSManagedObject+MagicalRecord.h"; sourceTree = "<group>"; };
		1B1086DA19210FEF0025E20E /* NSManagedObject+MagicalRecord.m */ = {isa = PBXFileReference; fileEncoding = 4; lastKnownFileType = sourcecode.c.objc; path = "NSManagedObject+MagicalRecord.m"; sourceTree = "<group>"; };
		1B1086DB19210FEF0025E20E /* NSManagedObject+MagicalRequests.h */ = {isa = PBXFileReference; fileEncoding = 4; lastKnownFileType = sourcecode.c.h; path = "NSManagedObject+MagicalRequests.h"; sourceTree = "<group>"; };
		1B1086DC19210FEF0025E20E /* NSManagedObject+MagicalRequests.m */ = {isa = PBXFileReference; fileEncoding = 4; lastKnownFileType = sourcecode.c.objc; path = "NSManagedObject+MagicalRequests.m"; sourceTree = "<group>"; };
		1B1086DE19210FEF0025E20E /* NSManagedObjectContext+MagicalObserving.h */ = {isa = PBXFileReference; fileEncoding = 4; lastKnownFileType = sourcecode.c.h; path = "NSManagedObjectContext+MagicalObserving.h"; sourceTree = "<group>"; };
		1B1086DF19210FEF0025E20E /* NSManagedObjectContext+MagicalObserving.m */ = {isa = PBXFileReference; fileEncoding = 4; lastKnownFileType = sourcecode.c.objc; path = "NSManagedObjectContext+MagicalObserving.m"; sourceTree = "<group>"; };
		1B1086E019210FEF0025E20E /* NSManagedObjectContext+MagicalRecord.h */ = {isa = PBXFileReference; fileEncoding = 4; lastKnownFileType = sourcecode.c.h; path = "NSManagedObjectContext+MagicalRecord.h"; sourceTree = "<group>"; };
		1B1086E119210FEF0025E20E /* NSManagedObjectContext+MagicalRecord.m */ = {isa = PBXFileReference; fileEncoding = 4; lastKnownFileType = sourcecode.c.objc; path = "NSManagedObjectContext+MagicalRecord.m"; sourceTree = "<group>"; };
		1B1086E219210FEF0025E20E /* NSManagedObjectContext+MagicalSaves.h */ = {isa = PBXFileReference; fileEncoding = 4; lastKnownFileType = sourcecode.c.h; path = "NSManagedObjectContext+MagicalSaves.h"; sourceTree = "<group>"; };
		1B1086E319210FEF0025E20E /* NSManagedObjectContext+MagicalSaves.m */ = {isa = PBXFileReference; fileEncoding = 4; lastKnownFileType = sourcecode.c.objc; path = "NSManagedObjectContext+MagicalSaves.m"; sourceTree = "<group>"; };
		1B1086E419210FEF0025E20E /* NSManagedObjectContext+MagicalThreading.h */ = {isa = PBXFileReference; fileEncoding = 4; lastKnownFileType = sourcecode.c.h; path = "NSManagedObjectContext+MagicalThreading.h"; sourceTree = "<group>"; };
		1B1086E519210FEF0025E20E /* NSManagedObjectContext+MagicalThreading.m */ = {isa = PBXFileReference; fileEncoding = 4; lastKnownFileType = sourcecode.c.objc; path = "NSManagedObjectContext+MagicalThreading.m"; sourceTree = "<group>"; };
		1B1086E619210FEF0025E20E /* NSManagedObjectModel+MagicalRecord.h */ = {isa = PBXFileReference; fileEncoding = 4; lastKnownFileType = sourcecode.c.h; path = "NSManagedObjectModel+MagicalRecord.h"; sourceTree = "<group>"; };
		1B1086E719210FEF0025E20E /* NSManagedObjectModel+MagicalRecord.m */ = {isa = PBXFileReference; fileEncoding = 4; lastKnownFileType = sourcecode.c.objc; path = "NSManagedObjectModel+MagicalRecord.m"; sourceTree = "<group>"; };
		1B1086E819210FEF0025E20E /* NSPersistentStore+MagicalRecord.h */ = {isa = PBXFileReference; fileEncoding = 4; lastKnownFileType = sourcecode.c.h; path = "NSPersistentStore+MagicalRecord.h"; sourceTree = "<group>"; };
		1B1086E919210FEF0025E20E /* NSPersistentStore+MagicalRecord.m */ = {isa = PBXFileReference; fileEncoding = 4; lastKnownFileType = sourcecode.c.objc; path = "NSPersistentStore+MagicalRecord.m"; sourceTree = "<group>"; };
		1B1086EA19210FEF0025E20E /* NSPersistentStoreCoordinator+MagicalRecord.h */ = {isa = PBXFileReference; fileEncoding = 4; lastKnownFileType = sourcecode.c.h; path = "NSPersistentStoreCoordinator+MagicalRecord.h"; sourceTree = "<group>"; };
		1B1086EB19210FEF0025E20E /* NSPersistentStoreCoordinator+MagicalRecord.m */ = {isa = PBXFileReference; fileEncoding = 4; lastKnownFileType = sourcecode.c.objc; path = "NSPersistentStoreCoordinator+MagicalRecord.m"; sourceTree = "<group>"; };
		1B1086ED19210FEF0025E20E /* MagicalRecord+Actions.h */ = {isa = PBXFileReference; fileEncoding = 4; lastKnownFileType = sourcecode.c.h; path = "MagicalRecord+Actions.h"; sourceTree = "<group>"; };
		1B1086EE19210FEF0025E20E /* MagicalRecord+Actions.m */ = {isa = PBXFileReference; fileEncoding = 4; lastKnownFileType = sourcecode.c.objc; path = "MagicalRecord+Actions.m"; sourceTree = "<group>"; };
		1B1086EF19210FEF0025E20E /* MagicalRecord+ErrorHandling.h */ = {isa = PBXFileReference; fileEncoding = 4; lastKnownFileType = sourcecode.c.h; path = "MagicalRecord+ErrorHandling.h"; sourceTree = "<group>"; };
		1B1086F019210FEF0025E20E /* MagicalRecord+ErrorHandling.m */ = {isa = PBXFileReference; fileEncoding = 4; lastKnownFileType = sourcecode.c.objc; path = "MagicalRecord+ErrorHandling.m"; sourceTree = "<group>"; };
		1B1086F119210FEF0025E20E /* MagicalRecord+iCloud.h */ = {isa = PBXFileReference; fileEncoding = 4; lastKnownFileType = sourcecode.c.h; path = "MagicalRecord+iCloud.h"; sourceTree = "<group>"; };
		1B1086F219210FEF0025E20E /* MagicalRecord+iCloud.m */ = {isa = PBXFileReference; fileEncoding = 4; lastKnownFileType = sourcecode.c.objc; path = "MagicalRecord+iCloud.m"; sourceTree = "<group>"; };
		1B1086F319210FEF0025E20E /* MagicalRecord+Options.h */ = {isa = PBXFileReference; fileEncoding = 4; lastKnownFileType = sourcecode.c.h; path = "MagicalRecord+Options.h"; sourceTree = "<group>"; };
		1B1086F419210FEF0025E20E /* MagicalRecord+Options.m */ = {isa = PBXFileReference; fileEncoding = 4; lastKnownFileType = sourcecode.c.objc; path = "MagicalRecord+Options.m"; sourceTree = "<group>"; };
		1B1086F519210FEF0025E20E /* MagicalRecord+Setup.h */ = {isa = PBXFileReference; fileEncoding = 4; lastKnownFileType = sourcecode.c.h; path = "MagicalRecord+Setup.h"; sourceTree = "<group>"; };
		1B1086F619210FEF0025E20E /* MagicalRecord+Setup.m */ = {isa = PBXFileReference; fileEncoding = 4; lastKnownFileType = sourcecode.c.objc; path = "MagicalRecord+Setup.m"; sourceTree = "<group>"; };
		1B1086F719210FEF0025E20E /* MagicalRecord+ShorthandSupport.h */ = {isa = PBXFileReference; fileEncoding = 4; lastKnownFileType = sourcecode.c.h; path = "MagicalRecord+ShorthandSupport.h"; sourceTree = "<group>"; };
		1B1086F819210FEF0025E20E /* MagicalRecord+ShorthandSupport.m */ = {isa = PBXFileReference; fileEncoding = 4; lastKnownFileType = sourcecode.c.objc; path = "MagicalRecord+ShorthandSupport.m"; sourceTree = "<group>"; };
		1B1086F919210FEF0025E20E /* MagicalRecord.h */ = {isa = PBXFileReference; fileEncoding = 4; lastKnownFileType = sourcecode.c.h; path = MagicalRecord.h; sourceTree = "<group>"; };
		1B1086FA19210FEF0025E20E /* MagicalRecord.m */ = {isa = PBXFileReference; fileEncoding = 4; lastKnownFileType = sourcecode.c.objc; path = MagicalRecord.m; sourceTree = "<group>"; };
		1B1086FB19210FEF0025E20E /* MagicalRecordDeprecated.h */ = {isa = PBXFileReference; fileEncoding = 4; lastKnownFileType = sourcecode.c.h; path = MagicalRecordDeprecated.h; sourceTree = "<group>"; };
		1B1086FC19210FEF0025E20E /* MagicalRecordLogging.h */ = {isa = PBXFileReference; fileEncoding = 4; lastKnownFileType = sourcecode.c.h; path = MagicalRecordLogging.h; sourceTree = "<group>"; };
		1B1086FD19210FEF0025E20E /* MagicalRecordShorthand.h */ = {isa = PBXFileReference; fileEncoding = 4; lastKnownFileType = sourcecode.c.h; path = MagicalRecordShorthand.h; sourceTree = "<group>"; };
		1B1086FE19210FEF0025E20E /* CoreData+MagicalRecord.h */ = {isa = PBXFileReference; fileEncoding = 4; lastKnownFileType = sourcecode.c.h; path = "CoreData+MagicalRecord.h"; sourceTree = "<group>"; };
		1B108719192111FF0025E20E /* MFDummy.h */ = {isa = PBXFileReference; fileEncoding = 4; lastKnownFileType = sourcecode.c.h; path = MFDummy.h; sourceTree = "<group>"; };
		1B10871A192111FF0025E20E /* MFDummy.m */ = {isa = PBXFileReference; fileEncoding = 4; lastKnownFileType = sourcecode.c.objc; path = MFDummy.m; sourceTree = "<group>"; };
		1B35CF3D17A412BF00108C27 /* Model.xcdatamodel */ = {isa = PBXFileReference; lastKnownFileType = wrapper.xcdatamodel; path = Model.xcdatamodel; sourceTree = "<group>"; };
		1B35CF4217A4131D00108C27 /* CoreData.framework */ = {isa = PBXFileReference; lastKnownFileType = wrapper.framework; name = CoreData.framework; path = System/Library/Frameworks/CoreData.framework; sourceTree = SDKROOT; };
		1B36AA9E17A03165003657B4 /* MagicalFreeze.app */ = {isa = PBXFileReference; explicitFileType = wrapper.application; includeInIndex = 0; path = MagicalFreeze.app; sourceTree = BUILT_PRODUCTS_DIR; };
		1B36AAA117A03165003657B4 /* UIKit.framework */ = {isa = PBXFileReference; lastKnownFileType = wrapper.framework; name = UIKit.framework; path = System/Library/Frameworks/UIKit.framework; sourceTree = SDKROOT; };
		1B36AAA317A03165003657B4 /* Foundation.framework */ = {isa = PBXFileReference; lastKnownFileType = wrapper.framework; name = Foundation.framework; path = System/Library/Frameworks/Foundation.framework; sourceTree = SDKROOT; };
		1B36AAA517A03165003657B4 /* CoreGraphics.framework */ = {isa = PBXFileReference; lastKnownFileType = wrapper.framework; name = CoreGraphics.framework; path = System/Library/Frameworks/CoreGraphics.framework; sourceTree = SDKROOT; };
		1B36AAA917A03165003657B4 /* MagicalFreeze-Info.plist */ = {isa = PBXFileReference; lastKnownFileType = text.plist.xml; path = "MagicalFreeze-Info.plist"; sourceTree = "<group>"; };
		1B36AAAB17A03165003657B4 /* en */ = {isa = PBXFileReference; lastKnownFileType = text.plist.strings; name = en; path = en.lproj/InfoPlist.strings; sourceTree = "<group>"; };
		1B36AAAD17A03165003657B4 /* main.m */ = {isa = PBXFileReference; lastKnownFileType = sourcecode.c.objc; path = main.m; sourceTree = "<group>"; };
		1B36AAAF17A03165003657B4 /* MagicalFreeze-Prefix.pch */ = {isa = PBXFileReference; lastKnownFileType = sourcecode.c.h; path = "MagicalFreeze-Prefix.pch"; sourceTree = "<group>"; };
		1B36AAB017A03165003657B4 /* AppDelegate.h */ = {isa = PBXFileReference; lastKnownFileType = sourcecode.c.h; path = AppDelegate.h; sourceTree = "<group>"; };
		1B36AAB117A03165003657B4 /* AppDelegate.m */ = {isa = PBXFileReference; lastKnownFileType = sourcecode.c.objc; path = AppDelegate.m; sourceTree = "<group>"; };
		1B36AAB317A03165003657B4 /* Default.png */ = {isa = PBXFileReference; lastKnownFileType = image.png; path = Default.png; sourceTree = "<group>"; };
		1B36AAB517A03165003657B4 /* Default@2x.png */ = {isa = PBXFileReference; lastKnownFileType = image.png; path = "Default@2x.png"; sourceTree = "<group>"; };
		1B36AAB717A03165003657B4 /* Default-568h@2x.png */ = {isa = PBXFileReference; lastKnownFileType = image.png; path = "Default-568h@2x.png"; sourceTree = "<group>"; };
		1B36AABA17A03165003657B4 /* en */ = {isa = PBXFileReference; lastKnownFileType = file.storyboard; name = en; path = en.lproj/MainStoryboard.storyboard; sourceTree = "<group>"; };
		1B36AABC17A03165003657B4 /* ViewController.h */ = {isa = PBXFileReference; lastKnownFileType = sourcecode.c.h; path = ViewController.h; sourceTree = "<group>"; };
		1B36AABD17A03165003657B4 /* ViewController.m */ = {isa = PBXFileReference; lastKnownFileType = sourcecode.c.objc; path = ViewController.m; sourceTree = "<group>"; };
/* End PBXFileReference section */

/* Begin PBXFrameworksBuildPhase section */
		1B36AA9B17A03165003657B4 /* Frameworks */ = {
			isa = PBXFrameworksBuildPhase;
			buildActionMask = 2147483647;
			files = (
				1B35CF4317A4131D00108C27 /* CoreData.framework in Frameworks */,
				1B36AAA217A03165003657B4 /* UIKit.framework in Frameworks */,
				1B36AAA417A03165003657B4 /* Foundation.framework in Frameworks */,
				1B36AAA617A03165003657B4 /* CoreGraphics.framework in Frameworks */,
			);
			runOnlyForDeploymentPostprocessing = 0;
		};
/* End PBXFrameworksBuildPhase section */

/* Begin PBXGroup section */
		1B1086C119210FEF0025E20E /* MagicalRecord */ = {
			isa = PBXGroup;
			children = (
				1B1086C219210FEF0025E20E /* Categories */,
				1B1086EC19210FEF0025E20E /* Core */,
				1B1086FE19210FEF0025E20E /* CoreData+MagicalRecord.h */,
			);
			name = MagicalRecord;
			path = MagicalRecord/MagicalRecord;
			sourceTree = SOURCE_ROOT;
		};
		1B1086C219210FEF0025E20E /* Categories */ = {
			isa = PBXGroup;
			children = (
				1B1086C319210FEF0025E20E /* DataImport */,
				1B1086D219210FEF0025E20E /* NSManagedObject */,
				1B1086DD19210FEF0025E20E /* NSManagedObjectContext */,
				1B1086E619210FEF0025E20E /* NSManagedObjectModel+MagicalRecord.h */,
				1B1086E719210FEF0025E20E /* NSManagedObjectModel+MagicalRecord.m */,
				1B1086E819210FEF0025E20E /* NSPersistentStore+MagicalRecord.h */,
				1B1086E919210FEF0025E20E /* NSPersistentStore+MagicalRecord.m */,
				1B1086EA19210FEF0025E20E /* NSPersistentStoreCoordinator+MagicalRecord.h */,
				1B1086EB19210FEF0025E20E /* NSPersistentStoreCoordinator+MagicalRecord.m */,
			);
			path = Categories;
			sourceTree = "<group>";
		};
		1B1086C319210FEF0025E20E /* DataImport */ = {
			isa = PBXGroup;
			children = (
				1B1086C419210FEF0025E20E /* MagicalImportFunctions.h */,
				1B1086C519210FEF0025E20E /* MagicalImportFunctions.m */,
				1B1086C619210FEF0025E20E /* NSAttributeDescription+MagicalDataImport.h */,
				1B1086C719210FEF0025E20E /* NSAttributeDescription+MagicalDataImport.m */,
				1B1086C819210FEF0025E20E /* NSEntityDescription+MagicalDataImport.h */,
				1B1086C919210FEF0025E20E /* NSEntityDescription+MagicalDataImport.m */,
				1B1086CA19210FEF0025E20E /* NSNumber+MagicalDataImport.h */,
				1B1086CB19210FEF0025E20E /* NSNumber+MagicalDataImport.m */,
				1B1086CC19210FEF0025E20E /* NSObject+MagicalDataImport.h */,
				1B1086CD19210FEF0025E20E /* NSObject+MagicalDataImport.m */,
				1B1086CE19210FEF0025E20E /* NSRelationshipDescription+MagicalDataImport.h */,
				1B1086CF19210FEF0025E20E /* NSRelationshipDescription+MagicalDataImport.m */,
				1B1086D019210FEF0025E20E /* NSString+MagicalDataImport.h */,
				1B1086D119210FEF0025E20E /* NSString+MagicalDataImport.m */,
			);
			path = DataImport;
			sourceTree = "<group>";
		};
		1B1086D219210FEF0025E20E /* NSManagedObject */ = {
			isa = PBXGroup;
			children = (
				1B1086D319210FEF0025E20E /* NSManagedObject+MagicalAggregation.h */,
				1B1086D419210FEF0025E20E /* NSManagedObject+MagicalAggregation.m */,
				1B1086D519210FEF0025E20E /* NSManagedObject+MagicalDataImport.h */,
				1B1086D619210FEF0025E20E /* NSManagedObject+MagicalDataImport.m */,
				1B1086D719210FEF0025E20E /* NSManagedObject+MagicalFinders.h */,
				1B1086D819210FEF0025E20E /* NSManagedObject+MagicalFinders.m */,
				1B1086D919210FEF0025E20E /* NSManagedObject+MagicalRecord.h */,
				1B1086DA19210FEF0025E20E /* NSManagedObject+MagicalRecord.m */,
				1B1086DB19210FEF0025E20E /* NSManagedObject+MagicalRequests.h */,
				1B1086DC19210FEF0025E20E /* NSManagedObject+MagicalRequests.m */,
			);
			path = NSManagedObject;
			sourceTree = "<group>";
		};
		1B1086DD19210FEF0025E20E /* NSManagedObjectContext */ = {
			isa = PBXGroup;
			children = (
				1B1086DE19210FEF0025E20E /* NSManagedObjectContext+MagicalObserving.h */,
				1B1086DF19210FEF0025E20E /* NSManagedObjectContext+MagicalObserving.m */,
				1B1086E019210FEF0025E20E /* NSManagedObjectContext+MagicalRecord.h */,
				1B1086E119210FEF0025E20E /* NSManagedObjectContext+MagicalRecord.m */,
				1B1086E219210FEF0025E20E /* NSManagedObjectContext+MagicalSaves.h */,
				1B1086E319210FEF0025E20E /* NSManagedObjectContext+MagicalSaves.m */,
				1B1086E419210FEF0025E20E /* NSManagedObjectContext+MagicalThreading.h */,
				1B1086E519210FEF0025E20E /* NSManagedObjectContext+MagicalThreading.m */,
			);
			path = NSManagedObjectContext;
			sourceTree = "<group>";
		};
		1B1086EC19210FEF0025E20E /* Core */ = {
			isa = PBXGroup;
			children = (
				1B1086ED19210FEF0025E20E /* MagicalRecord+Actions.h */,
				1B1086EE19210FEF0025E20E /* MagicalRecord+Actions.m */,
				1B1086EF19210FEF0025E20E /* MagicalRecord+ErrorHandling.h */,
				1B1086F019210FEF0025E20E /* MagicalRecord+ErrorHandling.m */,
				1B1086F119210FEF0025E20E /* MagicalRecord+iCloud.h */,
				1B1086F219210FEF0025E20E /* MagicalRecord+iCloud.m */,
				1B1086F319210FEF0025E20E /* MagicalRecord+Options.h */,
				1B1086F419210FEF0025E20E /* MagicalRecord+Options.m */,
				1B1086F519210FEF0025E20E /* MagicalRecord+Setup.h */,
				1B1086F619210FEF0025E20E /* MagicalRecord+Setup.m */,
				1B1086F719210FEF0025E20E /* MagicalRecord+ShorthandSupport.h */,
				1B1086F819210FEF0025E20E /* MagicalRecord+ShorthandSupport.m */,
				1B1086F919210FEF0025E20E /* MagicalRecord.h */,
				1B1086FA19210FEF0025E20E /* MagicalRecord.m */,
				1B1086FB19210FEF0025E20E /* MagicalRecordDeprecated.h */,
				1B1086FC19210FEF0025E20E /* MagicalRecordLogging.h */,
				1B1086FD19210FEF0025E20E /* MagicalRecordShorthand.h */,
			);
			path = Core;
			sourceTree = "<group>";
		};
		1B36AA9517A03165003657B4 = {
			isa = PBXGroup;
			children = (
				1B36AAA717A03165003657B4 /* MagicalFreeze */,
				1B36AAA017A03165003657B4 /* Frameworks */,
				1B36AA9F17A03165003657B4 /* Products */,
			);
			sourceTree = "<group>";
		};
		1B36AA9F17A03165003657B4 /* Products */ = {
			isa = PBXGroup;
			children = (
				1B36AA9E17A03165003657B4 /* MagicalFreeze.app */,
			);
			name = Products;
			sourceTree = "<group>";
		};
		1B36AAA017A03165003657B4 /* Frameworks */ = {
			isa = PBXGroup;
			children = (
				1B35CF4217A4131D00108C27 /* CoreData.framework */,
				1B36AAA117A03165003657B4 /* UIKit.framework */,
				1B36AAA317A03165003657B4 /* Foundation.framework */,
				1B36AAA517A03165003657B4 /* CoreGraphics.framework */,
			);
			name = Frameworks;
			sourceTree = "<group>";
		};
		1B36AAA717A03165003657B4 /* MagicalFreeze */ = {
			isa = PBXGroup;
			children = (
				1B1086C119210FEF0025E20E /* MagicalRecord */,
				1B36AAB017A03165003657B4 /* AppDelegate.h */,
				1B36AAB117A03165003657B4 /* AppDelegate.m */,
				1B36AAB917A03165003657B4 /* MainStoryboard.storyboard */,
				1B36AABC17A03165003657B4 /* ViewController.h */,
				1B36AABD17A03165003657B4 /* ViewController.m */,
				1B108719192111FF0025E20E /* MFDummy.h */,
				1B10871A192111FF0025E20E /* MFDummy.m */,
				1B35CF3C17A412BF00108C27 /* Model.xcdatamodeld */,
				1B36AAA817A03165003657B4 /* Supporting Files */,
			);
			path = MagicalFreeze;
			sourceTree = "<group>";
		};
		1B36AAA817A03165003657B4 /* Supporting Files */ = {
			isa = PBXGroup;
			children = (
				1B36AAA917A03165003657B4 /* MagicalFreeze-Info.plist */,
				1B36AAAA17A03165003657B4 /* InfoPlist.strings */,
				1B36AAAD17A03165003657B4 /* main.m */,
				1B36AAAF17A03165003657B4 /* MagicalFreeze-Prefix.pch */,
				1B36AAB317A03165003657B4 /* Default.png */,
				1B36AAB517A03165003657B4 /* Default@2x.png */,
				1B36AAB717A03165003657B4 /* Default-568h@2x.png */,
			);
			name = "Supporting Files";
			sourceTree = "<group>";
		};
/* End PBXGroup section */

/* Begin PBXNativeTarget section */
		1B36AA9D17A03165003657B4 /* MagicalFreeze */ = {
			isa = PBXNativeTarget;
			buildConfigurationList = 1B36AAC117A03165003657B4 /* Build configuration list for PBXNativeTarget "MagicalFreeze" */;
			buildPhases = (
				1B36AA9A17A03165003657B4 /* Sources */,
				1B36AA9B17A03165003657B4 /* Frameworks */,
				1B36AA9C17A03165003657B4 /* Resources */,
			);
			buildRules = (
			);
			dependencies = (
			);
			name = MagicalFreeze;
			productName = MagicalFreeze;
			productReference = 1B36AA9E17A03165003657B4 /* MagicalFreeze.app */;
			productType = "com.apple.product-type.application";
		};
/* End PBXNativeTarget section */

/* Begin PBXProject section */
		1B36AA9617A03165003657B4 /* Project object */ = {
			isa = PBXProject;
			attributes = {
				LastUpgradeCheck = 0460;
				ORGANIZATIONNAME = xissburg;
			};
			buildConfigurationList = 1B36AA9917A03165003657B4 /* Build configuration list for PBXProject "MagicalFreeze" */;
			compatibilityVersion = "Xcode 3.2";
			developmentRegion = English;
			hasScannedForEncodings = 0;
			knownRegions = (
				en,
			);
			mainGroup = 1B36AA9517A03165003657B4;
			productRefGroup = 1B36AA9F17A03165003657B4 /* Products */;
			projectDirPath = "";
			projectRoot = "";
			targets = (
				1B36AA9D17A03165003657B4 /* MagicalFreeze */,
			);
		};
/* End PBXProject section */

/* Begin PBXResourcesBuildPhase section */
		1B36AA9C17A03165003657B4 /* Resources */ = {
			isa = PBXResourcesBuildPhase;
			buildActionMask = 2147483647;
			files = (
				1B36AAAC17A03165003657B4 /* InfoPlist.strings in Resources */,
				1B36AAB417A03165003657B4 /* Default.png in Resources */,
				1B36AAB617A03165003657B4 /* Default@2x.png in Resources */,
				1B36AAB817A03165003657B4 /* Default-568h@2x.png in Resources */,
				1B36AABB17A03165003657B4 /* MainStoryboard.storyboard in Resources */,
			);
			runOnlyForDeploymentPostprocessing = 0;
		};
/* End PBXResourcesBuildPhase section */

/* Begin PBXSourcesBuildPhase section */
		1B36AA9A17A03165003657B4 /* Sources */ = {
			isa = PBXSourcesBuildPhase;
			buildActionMask = 2147483647;
			files = (
				1B36AAAE17A03165003657B4 /* main.m in Sources */,
				1B36AAB217A03165003657B4 /* AppDelegate.m in Sources */,
				1B10870219210FEF0025E20E /* NSNumber+MagicalDataImport.m in Sources */,
				1B10870419210FEF0025E20E /* NSRelationshipDescription+MagicalDataImport.m in Sources */,
				1B10870119210FEF0025E20E /* NSEntityDescription+MagicalDataImport.m in Sources */,
				1B10870A19210FEF0025E20E /* NSManagedObject+MagicalRequests.m in Sources */,
				1B10871B192111FF0025E20E /* MFDummy.m in Sources */,
				1B10870519210FEF0025E20E /* NSString+MagicalDataImport.m in Sources */,
				1B10871019210FEF0025E20E /* NSPersistentStore+MagicalRecord.m in Sources */,
				1B36AABE17A03165003657B4 /* ViewController.m in Sources */,
				1B10870919210FEF0025E20E /* NSManagedObject+MagicalRecord.m in Sources */,
				1B10871419210FEF0025E20E /* MagicalRecord+iCloud.m in Sources */,
				1B10871119210FEF0025E20E /* NSPersistentStoreCoordinator+MagicalRecord.m in Sources */,
				1B10871619210FEF0025E20E /* MagicalRecord+Setup.m in Sources */,
				1B35CF3E17A412BF00108C27 /* Model.xcdatamodeld in Sources */,
				1B10871719210FEF0025E20E /* MagicalRecord+ShorthandSupport.m in Sources */,
				1B10871519210FEF0025E20E /* MagicalRecord+Options.m in Sources */,
				1B10871319210FEF0025E20E /* MagicalRecord+ErrorHandling.m in Sources */,
				1B1086FF19210FEF0025E20E /* MagicalImportFunctions.m in Sources */,
				1B10870019210FEF0025E20E /* NSAttributeDescription+MagicalDataImport.m in Sources */,
				1B10870D19210FEF0025E20E /* NSManagedObjectContext+MagicalSaves.m in Sources */,
				1B10871819210FEF0025E20E /* MagicalRecord.m in Sources */,
				1B10870E19210FEF0025E20E /* NSManagedObjectContext+MagicalThreading.m in Sources */,
				1B10870C19210FEF0025E20E /* NSManagedObjectContext+MagicalRecord.m in Sources */,
				1B10870719210FEF0025E20E /* NSManagedObject+MagicalDataImport.m in Sources */,
				1B10870B19210FEF0025E20E /* NSManagedObjectContext+MagicalObserving.m in Sources */,
				1B10870619210FEF0025E20E /* NSManagedObject+MagicalAggregation.m in Sources */,
				1B10870F19210FEF0025E20E /* NSManagedObjectModel+MagicalRecord.m in Sources */,
				1B10870819210FEF0025E20E /* NSManagedObject+MagicalFinders.m in Sources */,
				1B10870319210FEF0025E20E /* NSObject+MagicalDataImport.m in Sources */,
				1B10871219210FEF0025E20E /* MagicalRecord+Actions.m in Sources */,
			);
			runOnlyForDeploymentPostprocessing = 0;
		};
/* End PBXSourcesBuildPhase section */

/* Begin PBXVariantGroup section */
		1B36AAAA17A03165003657B4 /* InfoPlist.strings */ = {
			isa = PBXVariantGroup;
			children = (
				1B36AAAB17A03165003657B4 /* en */,
			);
			name = InfoPlist.strings;
			sourceTree = "<group>";
		};
		1B36AAB917A03165003657B4 /* MainStoryboard.storyboard */ = {
			isa = PBXVariantGroup;
			children = (
				1B36AABA17A03165003657B4 /* en */,
			);
			name = MainStoryboard.storyboard;
			sourceTree = "<group>";
		};
/* End PBXVariantGroup section */

/* Begin XCBuildConfiguration section */
		1B36AABF17A03165003657B4 /* Debug */ = {
			isa = XCBuildConfiguration;
			buildSettings = {
				ALWAYS_SEARCH_USER_PATHS = NO;
				CLANG_CXX_LANGUAGE_STANDARD = "gnu++0x";
				CLANG_CXX_LIBRARY = "libc++";
				CLANG_WARN_CONSTANT_CONVERSION = YES;
				CLANG_WARN_EMPTY_BODY = YES;
				CLANG_WARN_ENUM_CONVERSION = YES;
				CLANG_WARN_INT_CONVERSION = YES;
				CLANG_WARN__DUPLICATE_METHOD_MATCH = YES;
				"CODE_SIGN_IDENTITY[sdk=iphoneos*]" = "iPhone Developer";
				COPY_PHASE_STRIP = NO;
				GCC_C_LANGUAGE_STANDARD = gnu99;
				GCC_DYNAMIC_NO_PIC = NO;
				GCC_OPTIMIZATION_LEVEL = 0;
				GCC_PREPROCESSOR_DEFINITIONS = (
					"DEBUG=1",
					"$(inherited)",
				);
				GCC_SYMBOLS_PRIVATE_EXTERN = NO;
				GCC_WARN_ABOUT_RETURN_TYPE = YES;
				GCC_WARN_UNINITIALIZED_AUTOS = YES;
				GCC_WARN_UNUSED_VARIABLE = YES;
				IPHONEOS_DEPLOYMENT_TARGET = 6.1;
				ONLY_ACTIVE_ARCH = YES;
				SDKROOT = iphoneos;
			};
			name = Debug;
		};
		1B36AAC017A03165003657B4 /* Release */ = {
			isa = XCBuildConfiguration;
			buildSettings = {
				ALWAYS_SEARCH_USER_PATHS = NO;
				CLANG_CXX_LANGUAGE_STANDARD = "gnu++0x";
				CLANG_CXX_LIBRARY = "libc++";
				CLANG_WARN_CONSTANT_CONVERSION = YES;
				CLANG_WARN_EMPTY_BODY = YES;
				CLANG_WARN_ENUM_CONVERSION = YES;
				CLANG_WARN_INT_CONVERSION = YES;
				CLANG_WARN__DUPLICATE_METHOD_MATCH = YES;
				"CODE_SIGN_IDENTITY[sdk=iphoneos*]" = "iPhone Developer";
				COPY_PHASE_STRIP = YES;
				GCC_C_LANGUAGE_STANDARD = gnu99;
				GCC_WARN_ABOUT_RETURN_TYPE = YES;
				GCC_WARN_UNINITIALIZED_AUTOS = YES;
				GCC_WARN_UNUSED_VARIABLE = YES;
				IPHONEOS_DEPLOYMENT_TARGET = 6.1;
				OTHER_CFLAGS = "-DNS_BLOCK_ASSERTIONS=1";
				SDKROOT = iphoneos;
				VALIDATE_PRODUCT = YES;
			};
			name = Release;
		};
		1B36AAC217A03165003657B4 /* Debug */ = {
			isa = XCBuildConfiguration;
			buildSettings = {
				CLANG_ENABLE_OBJC_ARC = YES;
				GCC_PRECOMPILE_PREFIX_HEADER = YES;
				GCC_PREFIX_HEADER = "MagicalFreeze/MagicalFreeze-Prefix.pch";
				INFOPLIST_FILE = "MagicalFreeze/MagicalFreeze-Info.plist";
				PRODUCT_NAME = "$(TARGET_NAME)";
				WRAPPER_EXTENSION = app;
			};
			name = Debug;
		};
		1B36AAC317A03165003657B4 /* Release */ = {
			isa = XCBuildConfiguration;
			buildSettings = {
				CLANG_ENABLE_OBJC_ARC = YES;
				GCC_PRECOMPILE_PREFIX_HEADER = YES;
				GCC_PREFIX_HEADER = "MagicalFreeze/MagicalFreeze-Prefix.pch";
				INFOPLIST_FILE = "MagicalFreeze/MagicalFreeze-Info.plist";
				PRODUCT_NAME = "$(TARGET_NAME)";
				WRAPPER_EXTENSION = app;
			};
			name = Release;
		};
/* End XCBuildConfiguration section */

/* Begin XCConfigurationList section */
		1B36AA9917A03165003657B4 /* Build configuration list for PBXProject "MagicalFreeze" */ = {
			isa = XCConfigurationList;
			buildConfigurations = (
				1B36AABF17A03165003657B4 /* Debug */,
				1B36AAC017A03165003657B4 /* Release */,
			);
			defaultConfigurationIsVisible = 0;
			defaultConfigurationName = Release;
		};
		1B36AAC117A03165003657B4 /* Build configuration list for PBXNativeTarget "MagicalFreeze" */ = {
			isa = XCConfigurationList;
			buildConfigurations = (
				1B36AAC217A03165003657B4 /* Debug */,
				1B36AAC317A03165003657B4 /* Release */,
			);
			defaultConfigurationIsVisible = 0;
			defaultConfigurationName = Release;
		};
/* End XCConfigurationList section */

/* Begin XCVersionGroup section */
		1B35CF3C17A412BF00108C27 /* Model.xcdatamodeld */ = {
			isa = XCVersionGroup;
			children = (
				1B35CF3D17A412BF00108C27 /* Model.xcdatamodel */,
			);
			currentVersion = 1B35CF3D17A412BF00108C27 /* Model.xcdatamodel */;
			path = Model.xcdatamodeld;
			sourceTree = "<group>";
			versionGroupType = wrapper.xcdatamodel;
		};
/* End XCVersionGroup section */
	};
	rootObject = 1B36AA9617A03165003657B4 /* Project object */;
}
